// !$*UTF8*$!
{
	archiveVersion = 1;
	classes = {
	};
	objectVersion = 77;
	objects = {

/* Begin PBXBuildFile section */
		0029ED91461DC54070E82997 /* PortPilotApp.swift in Sources */ = {isa = PBXBuildFile; fileRef = 83C2D276A82E1D2A84215B3B /* PortPilotApp.swift */; };
		02D73E421B1093377635D48A /* LaunchProfileTests.swift in Sources */ = {isa = PBXBuildFile; fileRef = 2ADC744507C1DEC761B70B4C /* LaunchProfileTests.swift */; };
		07CC50C47CEF255E8B915CCB /* ProcessModels.swift in Sources */ = {isa = PBXBuildFile; fileRef = F5568701FF3B9EB54D9877A8 /* ProcessModels.swift */; };
		0CF13BB0993935FF0D24C460 /* ProcessIdentityVerifier.swift in Sources */ = {isa = PBXBuildFile; fileRef = 1F815C08772D50D9A0228B84 /* ProcessIdentityVerifier.swift */; };
		1A26C527A92577D65087AA63 /* ProcessMetadataProvider.swift in Sources */ = {isa = PBXBuildFile; fileRef = 0F1E20BEAFDF32D2717B6B76 /* ProcessMetadataProvider.swift */; };
		1D32DAD15C4CD57B9FD4988E /* ServiceProtocols.swift in Sources */ = {isa = PBXBuildFile; fileRef = EB0CA3C462904F9199144164 /* ServiceProtocols.swift */; };
		2D5F9410BEFC7BE505EE6EE8 /* ProcessSafetyTests.swift in Sources */ = {isa = PBXBuildFile; fileRef = DF3DCD1749A249C74E3A538E /* ProcessSafetyTests.swift */; };
		2F6F5B8775FECA20D9948D35 /* ActivePortsView.swift in Sources */ = {isa = PBXBuildFile; fileRef = 832CAA65BA76CB63963FDCDC /* ActivePortsView.swift */; };
		42448F0524593460C15A0827 /* ProjectInferer.swift in Sources */ = {isa = PBXBuildFile; fileRef = 9293AA90B0A72FB1D8AD7703 /* ProjectInferer.swift */; };
		48A44A36A8A8D9D64007262E /* LaunchModels.swift in Sources */ = {isa = PBXBuildFile; fileRef = 26EEC281AEFBA7DD6B2CB281 /* LaunchModels.swift */; };
		48C387A074F3ED1B54E36A9B /* lsof_udp.fields in Resources */ = {isa = PBXBuildFile; fileRef = 4E72A3C558E7A5E38F693AF6 /* lsof_udp.fields */; };
		5BA322967E582755CF8B531E /* lsof_tcp.fields in Resources */ = {isa = PBXBuildFile; fileRef = 11CEEC2EC61035E13E1AAFC6 /* lsof_tcp.fields */; };
		5BFE7CDF4054D8D195EFD5AE /* ProjectInfererTests.swift in Sources */ = {isa = PBXBuildFile; fileRef = C3A3B1A0E473749449F3A622 /* ProjectInfererTests.swift */; };
		5F13F39D1DFE88855937FFE0 /* OverviewView.swift in Sources */ = {isa = PBXBuildFile; fileRef = EFA2166D80DE867BD8A7B6EE /* OverviewView.swift */; };
		6049530E8FB5F443A8B52B41 /* HistoryView.swift in Sources */ = {isa = PBXBuildFile; fileRef = 5B1538ABBD21E677DD3AC2E2 /* HistoryView.swift */; };
		63638CBB8EF3BB5668CA959B /* AppError.swift in Sources */ = {isa = PBXBuildFile; fileRef = 60BB83413CD8E2D259E95B06 /* AppError.swift */; };
		6E89001FCD89FD1252282A68 /* Assets.xcassets in Resources */ = {isa = PBXBuildFile; fileRef = 1540848C747ECE8A85E9F2A4 /* Assets.xcassets */; };
		766368E6AE046D2EF725398B /* FoundationCommandRunner.swift in Sources */ = {isa = PBXBuildFile; fileRef = 7A66B355280497D5D546037D /* FoundationCommandRunner.swift */; };
		7F6EDF7B90D97269BBFEEAB1 /* ProcessClassifier.swift in Sources */ = {isa = PBXBuildFile; fileRef = E5CABDD28039750D3E4F2516 /* ProcessClassifier.swift */; };
		92EBFF6F177E4BB6F257D9E7 /* SwiftDataStore.swift in Sources */ = {isa = PBXBuildFile; fileRef = AD634328A8D8E9FCF5ADDDC4 /* SwiftDataStore.swift */; };
		995204CD1781F762A9DA75A8 /* LsofFieldParser.swift in Sources */ = {isa = PBXBuildFile; fileRef = 2C372A5C5836CA11C3B01FD9 /* LsofFieldParser.swift */; };
		9A411701374D7050038C2364 /* MenuBarView.swift in Sources */ = {isa = PBXBuildFile; fileRef = 3FE5591D32E06193E8EABB28 /* MenuBarView.swift */; };
		9D11DF2B9FAA96BFDE35089D /* TerminationStateMachine.swift in Sources */ = {isa = PBXBuildFile; fileRef = 51BCA0AA50ACCA3842340257 /* TerminationStateMachine.swift */; };
		A368C8A29601E11AC4D76074 /* DockerView.swift in Sources */ = {isa = PBXBuildFile; fileRef = B7B76F793C3DCF713BECAC7C /* DockerView.swift */; };
		A4575D6DC4601145B79BE189 /* RootView.swift in Sources */ = {isa = PBXBuildFile; fileRef = A9B0D2D8572CEBE479B31BE0 /* RootView.swift */; };
		AA9D31C256AC11EE0519F5E0 /* ProjectsView.swift in Sources */ = {isa = PBXBuildFile; fileRef = DDFA23C0116076D62704D281 /* ProjectsView.swift */; };
		AB18341B4BC430A6100CF5C1 /* HistoryModels.swift in Sources */ = {isa = PBXBuildFile; fileRef = 9AC4021D9637DEB6B94AE8C3 /* HistoryModels.swift */; };
		AD701892F1FA22933557230D /* LocalPortDiscovery.swift in Sources */ = {isa = PBXBuildFile; fileRef = ED6F1B20A33ACDF6F2402FF9 /* LocalPortDiscovery.swift */; };
		B3F6CCE517C70E0A35FEA543 /* PersistentModels.swift in Sources */ = {isa = PBXBuildFile; fileRef = 2DD64CF5BACAE104E6827DB7 /* PersistentModels.swift */; };
		C65BE0F5B944B2C0931F042B /* DesignSystem.swift in Sources */ = {isa = PBXBuildFile; fileRef = 11D0CE1EB87121FA2B68A771 /* DesignSystem.swift */; };
		CB9D9B52EA2D316048A3047F /* PortMonitor.swift in Sources */ = {isa = PBXBuildFile; fileRef = 7991543F5AC26BA0330F6042 /* PortMonitor.swift */; };
		D49E557249ABD5ADEF5DED30 /* RuntimeAndClassificationTests.swift in Sources */ = {isa = PBXBuildFile; fileRef = 56F621393617C2B14A9B40B0 /* RuntimeAndClassificationTests.swift */; };
		D59DD781AC2721B123B9E404 /* HarmlessListenerIntegrationTests.swift in Sources */ = {isa = PBXBuildFile; fileRef = A239C027F292F28B6767E3CD /* HarmlessListenerIntegrationTests.swift */; };
		D9F459D98411CF1869C9DD22 /* SafeProcessController.swift in Sources */ = {isa = PBXBuildFile; fileRef = F7AAD180D5BE6D5F29A873C2 /* SafeProcessController.swift */; };
		DBDB41441FC6D4386A59130E /* LaunchProfilesView.swift in Sources */ = {isa = PBXBuildFile; fileRef = BE6CA8E820E603E3DB477045 /* LaunchProfilesView.swift */; };
		E0A60FF10DD5ACEB90DEBFB7 /* LsofFieldParserTests.swift in Sources */ = {isa = PBXBuildFile; fileRef = 2FB782FF1BF5BB4F494C4932 /* LsofFieldParserTests.swift */; };
		EBB487FAA9AC36D518998022 /* AppModel.swift in Sources */ = {isa = PBXBuildFile; fileRef = 37C89015CA73D49BB0B389A7 /* AppModel.swift */; };
		F973232BB0C83100831D2ED8 /* TestSupport.swift in Sources */ = {isa = PBXBuildFile; fileRef = A6D0C0D7857A57720AB58789 /* TestSupport.swift */; };
		FCB463D1A809251EDEC01EF4 /* CommandPaletteView.swift in Sources */ = {isa = PBXBuildFile; fileRef = 9B0135458C98C29829603B44 /* CommandPaletteView.swift */; };
		FEAC4060A6487B5B1690F4FD /* SettingsView.swift in Sources */ = {isa = PBXBuildFile; fileRef = 05D1AFAAE4BC8C65863BE402 /* SettingsView.swift */; };
/* End PBXBuildFile section */

/* Begin PBXContainerItemProxy section */
		9BB75A3E71B56DD9ADF92EC0 /* PBXContainerItemProxy */ = {
			isa = PBXContainerItemProxy;
			containerPortal = CB34D621EC9DCC7C24CDACCA /* Project object */;
			proxyType = 1;
			remoteGlobalIDString = 4D26D46F9213594A6115E704;
			remoteInfo = PortPilot;
		};
		AE93AD0778A329D696182509 /* PBXContainerItemProxy */ = {
			isa = PBXContainerItemProxy;
			containerPortal = CB34D621EC9DCC7C24CDACCA /* Project object */;
			proxyType = 1;
			remoteGlobalIDString = 4D26D46F9213594A6115E704;
			remoteInfo = PortPilot;
		};
/* End PBXContainerItemProxy section */

/* Begin PBXFileReference section */
		05D1AFAAE4BC8C65863BE402 /* SettingsView.swift */ = {isa = PBXFileReference; lastKnownFileType = sourcecode.swift; path = SettingsView.swift; sourceTree = "<group>"; };
		0F1E20BEAFDF32D2717B6B76 /* ProcessMetadataProvider.swift */ = {isa = PBXFileReference; lastKnownFileType = sourcecode.swift; path = ProcessMetadataProvider.swift; sourceTree = "<group>"; };
		11CEEC2EC61035E13E1AAFC6 /* lsof_tcp.fields */ = {isa = PBXFileReference; path = lsof_tcp.fields; sourceTree = "<group>"; };
		11D0CE1EB87121FA2B68A771 /* DesignSystem.swift */ = {isa = PBXFileReference; lastKnownFileType = sourcecode.swift; path = DesignSystem.swift; sourceTree = "<group>"; };
		1540848C747ECE8A85E9F2A4 /* Assets.xcassets */ = {isa = PBXFileReference; lastKnownFileType = folder.assetcatalog; path = Assets.xcassets; sourceTree = "<group>"; };
		1F815C08772D50D9A0228B84 /* ProcessIdentityVerifier.swift */ = {isa = PBXFileReference; lastKnownFileType = sourcecode.swift; path = ProcessIdentityVerifier.swift; sourceTree = "<group>"; };
		26EEC281AEFBA7DD6B2CB281 /* LaunchModels.swift */ = {isa = PBXFileReference; lastKnownFileType = sourcecode.swift; path = LaunchModels.swift; sourceTree = "<group>"; };
		2ADC744507C1DEC761B70B4C /* LaunchProfileTests.swift */ = {isa = PBXFileReference; lastKnownFileType = sourcecode.swift; path = LaunchProfileTests.swift; sourceTree = "<group>"; };
		2C372A5C5836CA11C3B01FD9 /* LsofFieldParser.swift */ = {isa = PBXFileReference; lastKnownFileType = sourcecode.swift; path = LsofFieldParser.swift; sourceTree = "<group>"; };
		2DD64CF5BACAE104E6827DB7 /* PersistentModels.swift */ = {isa = PBXFileReference; lastKnownFileType = sourcecode.swift; path = PersistentModels.swift; sourceTree = "<group>"; };
		2FB782FF1BF5BB4F494C4932 /* LsofFieldParserTests.swift */ = {isa = PBXFileReference; lastKnownFileType = sourcecode.swift; path = LsofFieldParserTests.swift; sourceTree = "<group>"; };
		3196E34925D079A3D08D4664 /* PortPilot.entitlements */ = {isa = PBXFileReference; lastKnownFileType = text.plist.entitlements; path = PortPilot.entitlements; sourceTree = "<group>"; };
		37C89015CA73D49BB0B389A7 /* AppModel.swift */ = {isa = PBXFileReference; lastKnownFileType = sourcecode.swift; path = AppModel.swift; sourceTree = "<group>"; };
		3FE5591D32E06193E8EABB28 /* MenuBarView.swift */ = {isa = PBXFileReference; lastKnownFileType = sourcecode.swift; path = MenuBarView.swift; sourceTree = "<group>"; };
		4538E828BD932E87FB855FE4 /* PortPilot.app */ = {isa = PBXFileReference; explicitFileType = wrapper.application; includeInIndex = 0; path = PortPilot.app; sourceTree = BUILT_PRODUCTS_DIR; };
		4E72A3C558E7A5E38F693AF6 /* lsof_udp.fields */ = {isa = PBXFileReference; path = lsof_udp.fields; sourceTree = "<group>"; };
		51BCA0AA50ACCA3842340257 /* TerminationStateMachine.swift */ = {isa = PBXFileReference; lastKnownFileType = sourcecode.swift; path = TerminationStateMachine.swift; sourceTree = "<group>"; };
		56F621393617C2B14A9B40B0 /* RuntimeAndClassificationTests.swift */ = {isa = PBXFileReference; lastKnownFileType = sourcecode.swift; path = RuntimeAndClassificationTests.swift; sourceTree = "<group>"; };
		5B1538ABBD21E677DD3AC2E2 /* HistoryView.swift */ = {isa = PBXFileReference; lastKnownFileType = sourcecode.swift; path = HistoryView.swift; sourceTree = "<group>"; };
		60BB83413CD8E2D259E95B06 /* AppError.swift */ = {isa = PBXFileReference; lastKnownFileType = sourcecode.swift; path = AppError.swift; sourceTree = "<group>"; };
		7991543F5AC26BA0330F6042 /* PortMonitor.swift */ = {isa = PBXFileReference; lastKnownFileType = sourcecode.swift; path = PortMonitor.swift; sourceTree = "<group>"; };
		7A66B355280497D5D546037D /* FoundationCommandRunner.swift */ = {isa = PBXFileReference; lastKnownFileType = sourcecode.swift; path = FoundationCommandRunner.swift; sourceTree = "<group>"; };
		832CAA65BA76CB63963FDCDC /* ActivePortsView.swift */ = {isa = PBXFileReference; lastKnownFileType = sourcecode.swift; path = ActivePortsView.swift; sourceTree = "<group>"; };
		83C2D276A82E1D2A84215B3B /* PortPilotApp.swift */ = {isa = PBXFileReference; lastKnownFileType = sourcecode.swift; path = PortPilotApp.swift; sourceTree = "<group>"; };
		9293AA90B0A72FB1D8AD7703 /* ProjectInferer.swift */ = {isa = PBXFileReference; lastKnownFileType = sourcecode.swift; path = ProjectInferer.swift; sourceTree = "<group>"; };
		93855D4049BC6E6EDE2EF7CA /* PortPilotIntegrationTests.xctest */ = {isa = PBXFileReference; explicitFileType = wrapper.cfbundle; includeInIndex = 0; path = PortPilotIntegrationTests.xctest; sourceTree = BUILT_PRODUCTS_DIR; };
		9AC4021D9637DEB6B94AE8C3 /* HistoryModels.swift */ = {isa = PBXFileReference; lastKnownFileType = sourcecode.swift; path = HistoryModels.swift; sourceTree = "<group>"; };
		9B0135458C98C29829603B44 /* CommandPaletteView.swift */ = {isa = PBXFileReference; lastKnownFileType = sourcecode.swift; path = CommandPaletteView.swift; sourceTree = "<group>"; };
		A239C027F292F28B6767E3CD /* HarmlessListenerIntegrationTests.swift */ = {isa = PBXFileReference; lastKnownFileType = sourcecode.swift; path = HarmlessListenerIntegrationTests.swift; sourceTree = "<group>"; };
		A6D0C0D7857A57720AB58789 /* TestSupport.swift */ = {isa = PBXFileReference; lastKnownFileType = sourcecode.swift; path = TestSupport.swift; sourceTree = "<group>"; };
		A9B0D2D8572CEBE479B31BE0 /* RootView.swift */ = {isa = PBXFileReference; lastKnownFileType = sourcecode.swift; path = RootView.swift; sourceTree = "<group>"; };
		AD634328A8D8E9FCF5ADDDC4 /* SwiftDataStore.swift */ = {isa = PBXFileReference; lastKnownFileType = sourcecode.swift; path = SwiftDataStore.swift; sourceTree = "<group>"; };
		B7B76F793C3DCF713BECAC7C /* DockerView.swift */ = {isa = PBXFileReference; lastKnownFileType = sourcecode.swift; path = DockerView.swift; sourceTree = "<group>"; };
		BE6CA8E820E603E3DB477045 /* LaunchProfilesView.swift */ = {isa = PBXFileReference; lastKnownFileType = sourcecode.swift; path = LaunchProfilesView.swift; sourceTree = "<group>"; };
		C3A3B1A0E473749449F3A622 /* ProjectInfererTests.swift */ = {isa = PBXFileReference; lastKnownFileType = sourcecode.swift; path = ProjectInfererTests.swift; sourceTree = "<group>"; };
		DDFA23C0116076D62704D281 /* ProjectsView.swift */ = {isa = PBXFileReference; lastKnownFileType = sourcecode.swift; path = ProjectsView.swift; sourceTree = "<group>"; };
		DEDFEDEE3916FAC18D7371D8 /* PortPilotTests.xctest */ = {isa = PBXFileReference; explicitFileType = wrapper.cfbundle; includeInIndex = 0; path = PortPilotTests.xctest; sourceTree = BUILT_PRODUCTS_DIR; };
		DF3DCD1749A249C74E3A538E /* ProcessSafetyTests.swift */ = {isa = PBXFileReference; lastKnownFileType = sourcecode.swift; path = ProcessSafetyTests.swift; sourceTree = "<group>"; };
		E5CABDD28039750D3E4F2516 /* ProcessClassifier.swift */ = {isa = PBXFileReference; lastKnownFileType = sourcecode.swift; path = ProcessClassifier.swift; sourceTree = "<group>"; };
		EB0CA3C462904F9199144164 /* ServiceProtocols.swift */ = {isa = PBXFileReference; lastKnownFileType = sourcecode.swift; path = ServiceProtocols.swift; sourceTree = "<group>"; };
		ED6F1B20A33ACDF6F2402FF9 /* LocalPortDiscovery.swift */ = {isa = PBXFileReference; lastKnownFileType = sourcecode.swift; path = LocalPortDiscovery.swift; sourceTree = "<group>"; };
		EFA2166D80DE867BD8A7B6EE /* OverviewView.swift */ = {isa = PBXFileReference; lastKnownFileType = sourcecode.swift; path = OverviewView.swift; sourceTree = "<group>"; };
		F5568701FF3B9EB54D9877A8 /* ProcessModels.swift */ = {isa = PBXFileReference; lastKnownFileType = sourcecode.swift; path = ProcessModels.swift; sourceTree = "<group>"; };
		F7AAD180D5BE6D5F29A873C2 /* SafeProcessController.swift */ = {isa = PBXFileReference; lastKnownFileType = sourcecode.swift; path = SafeProcessController.swift; sourceTree = "<group>"; };
/* End PBXFileReference section */

/* Begin PBXGroup section */
		04CBA9253084E124E39DB8F1 /* Domain */ = {
			isa = PBXGroup;
			children = (
				60BB83413CD8E2D259E95B06 /* AppError.swift */,
				9AC4021D9637DEB6B94AE8C3 /* HistoryModels.swift */,
				26EEC281AEFBA7DD6B2CB281 /* LaunchModels.swift */,
				F5568701FF3B9EB54D9877A8 /* ProcessModels.swift */,
			);
			path = Domain;
			sourceTree = "<group>";
		};
		1216CFD81C08D52E410A16C8 /* PortPilot */ = {
			isa = PBXGroup;
			children = (
				284E391B9E37F60ADDE5E609 /* App */,
				04CBA9253084E124E39DB8F1 /* Domain */,
				2B0053C52D8B35472D7A0AD4 /* Features */,
				54940640E3702D6591CB132B /* Persistence */,
				5160110A3595514026A99D9F /* Resources */,
				9BC9A255B33768F1291F5356 /* Services */,
				D815308319D75BE38CCCF2C3 /* SharedUI */,
			);
			path = PortPilot;
			sourceTree = "<group>";
		};
		284E391B9E37F60ADDE5E609 /* App */ = {
			isa = PBXGroup;
			children = (
				37C89015CA73D49BB0B389A7 /* AppModel.swift */,
				83C2D276A82E1D2A84215B3B /* PortPilotApp.swift */,
				A9B0D2D8572CEBE479B31BE0 /* RootView.swift */,
			);
			path = App;
			sourceTree = "<group>";
		};
		2B0053C52D8B35472D7A0AD4 /* Features */ = {
			isa = PBXGroup;
			children = (
				7CF67CDBA0774FB2281DBD34 /* ActivePorts */,
				DFCCD0312A9CAD774E60EBB3 /* Docker */,
				6996588B65CCBC279BD7F0A5 /* History */,
				77F5A3BFCD63CAC64556A644 /* LaunchProfiles */,
				A969CB66EB6C3BC96BE036FF /* MenuBar */,
				7FCE89ADFA0A3322ABBB1F36 /* Overview */,
				55730F92E1411FB7068F05FF /* Projects */,
				EC3DCF330E6A81550269D242 /* Settings */,
			);
			path = Features;
			sourceTree = "<group>";
		};
		4FBB40917E17E0B25F30323F /* PortPilotIntegrationTests */ = {
			isa = PBXGroup;
			children = (
				A239C027F292F28B6767E3CD /* HarmlessListenerIntegrationTests.swift */,
			);
			path = PortPilotIntegrationTests;
			sourceTree = "<group>";
		};
		5160110A3595514026A99D9F /* Resources */ = {
			isa = PBXGroup;
			children = (
				1540848C747ECE8A85E9F2A4 /* Assets.xcassets */,
				3196E34925D079A3D08D4664 /* PortPilot.entitlements */,
			);
			path = Resources;
			sourceTree = "<group>";
		};
		54940640E3702D6591CB132B /* Persistence */ = {
			isa = PBXGroup;
			children = (
				2DD64CF5BACAE104E6827DB7 /* PersistentModels.swift */,
				AD634328A8D8E9FCF5ADDDC4 /* SwiftDataStore.swift */,
			);
			path = Persistence;
			sourceTree = "<group>";
		};
		5553A2760A7223C67F500D4C /* Products */ = {
			isa = PBXGroup;
			children = (
				4538E828BD932E87FB855FE4 /* PortPilot.app */,
				93855D4049BC6E6EDE2EF7CA /* PortPilotIntegrationTests.xctest */,
				DEDFEDEE3916FAC18D7371D8 /* PortPilotTests.xctest */,
			);
			name = Products;
			sourceTree = "<group>";
		};
		55730F92E1411FB7068F05FF /* Projects */ = {
			isa = PBXGroup;
			children = (
				DDFA23C0116076D62704D281 /* ProjectsView.swift */,
			);
			path = Projects;
			sourceTree = "<group>";
		};
		6996588B65CCBC279BD7F0A5 /* History */ = {
			isa = PBXGroup;
			children = (
				5B1538ABBD21E677DD3AC2E2 /* HistoryView.swift */,
			);
			path = History;
			sourceTree = "<group>";
		};
		6AC81B54CD5477A6F780C8D7 /* CommandExecution */ = {
			isa = PBXGroup;
			children = (
				7A66B355280497D5D546037D /* FoundationCommandRunner.swift */,
			);
			path = CommandExecution;
			sourceTree = "<group>";
		};
		77F5A3BFCD63CAC64556A644 /* LaunchProfiles */ = {
			isa = PBXGroup;
			children = (
				BE6CA8E820E603E3DB477045 /* LaunchProfilesView.swift */,
			);
			path = LaunchProfiles;
			sourceTree = "<group>";
		};
		7CF67CDBA0774FB2281DBD34 /* ActivePorts */ = {
			isa = PBXGroup;
			children = (
				832CAA65BA76CB63963FDCDC /* ActivePortsView.swift */,
			);
			path = ActivePorts;
			sourceTree = "<group>";
		};
		7FCE89ADFA0A3322ABBB1F36 /* Overview */ = {
			isa = PBXGroup;
			children = (
				EFA2166D80DE867BD8A7B6EE /* OverviewView.swift */,
			);
			path = Overview;
			sourceTree = "<group>";
		};
		8839CF9540E9DFC6CD526694 /* ProcessControl */ = {
			isa = PBXGroup;
			children = (
				1F815C08772D50D9A0228B84 /* ProcessIdentityVerifier.swift */,
				F7AAD180D5BE6D5F29A873C2 /* SafeProcessController.swift */,
				51BCA0AA50ACCA3842340257 /* TerminationStateMachine.swift */,
			);
			path = ProcessControl;
			sourceTree = "<group>";
		};
		983A46182F4FDFFFDCF4809C = {
			isa = PBXGroup;
			children = (
				1216CFD81C08D52E410A16C8 /* PortPilot */,
				4FBB40917E17E0B25F30323F /* PortPilotIntegrationTests */,
				9C14B6474013BF54B055BF8D /* PortPilotTests */,
				5553A2760A7223C67F500D4C /* Products */,
			);
			sourceTree = "<group>";
		};
		99208AFEAFD07A3163F58A31 /* Fixtures */ = {
			isa = PBXGroup;
			children = (
				11CEEC2EC61035E13E1AAFC6 /* lsof_tcp.fields */,
				4E72A3C558E7A5E38F693AF6 /* lsof_udp.fields */,
			);
			path = Fixtures;
			sourceTree = "<group>";
		};
		9BC9A255B33768F1291F5356 /* Services */ = {
			isa = PBXGroup;
			children = (
				EB0CA3C462904F9199144164 /* ServiceProtocols.swift */,
				6AC81B54CD5477A6F780C8D7 /* CommandExecution */,
				FA026CB2858CE140FC8F9C66 /* Monitoring */,
				8839CF9540E9DFC6CD526694 /* ProcessControl */,
				AB66E07EB3B48FB059DBBF5B /* ProcessDiscovery */,
			);
			path = Services;
			sourceTree = "<group>";
		};
		9C14B6474013BF54B055BF8D /* PortPilotTests */ = {
			isa = PBXGroup;
			children = (
				2ADC744507C1DEC761B70B4C /* LaunchProfileTests.swift */,
				2FB782FF1BF5BB4F494C4932 /* LsofFieldParserTests.swift */,
				DF3DCD1749A249C74E3A538E /* ProcessSafetyTests.swift */,
				C3A3B1A0E473749449F3A622 /* ProjectInfererTests.swift */,
				56F621393617C2B14A9B40B0 /* RuntimeAndClassificationTests.swift */,
				A6D0C0D7857A57720AB58789 /* TestSupport.swift */,
				99208AFEAFD07A3163F58A31 /* Fixtures */,
			);
			path = PortPilotTests;
			sourceTree = "<group>";
		};
		A969CB66EB6C3BC96BE036FF /* MenuBar */ = {
			isa = PBXGroup;
			children = (
				3FE5591D32E06193E8EABB28 /* MenuBarView.swift */,
			);
			path = MenuBar;
			sourceTree = "<group>";
		};
		AB66E07EB3B48FB059DBBF5B /* ProcessDiscovery */ = {
			isa = PBXGroup;
			children = (
				ED6F1B20A33ACDF6F2402FF9 /* LocalPortDiscovery.swift */,
				2C372A5C5836CA11C3B01FD9 /* LsofFieldParser.swift */,
				E5CABDD28039750D3E4F2516 /* ProcessClassifier.swift */,
				0F1E20BEAFDF32D2717B6B76 /* ProcessMetadataProvider.swift */,
				9293AA90B0A72FB1D8AD7703 /* ProjectInferer.swift */,
			);
			path = ProcessDiscovery;
			sourceTree = "<group>";
		};
		D815308319D75BE38CCCF2C3 /* SharedUI */ = {
			isa = PBXGroup;
			children = (
				9B0135458C98C29829603B44 /* CommandPaletteView.swift */,
				11D0CE1EB87121FA2B68A771 /* DesignSystem.swift */,
			);
			path = SharedUI;
			sourceTree = "<group>";
		};
		DFCCD0312A9CAD774E60EBB3 /* Docker */ = {
			isa = PBXGroup;
			children = (
				B7B76F793C3DCF713BECAC7C /* DockerView.swift */,
			);
			path = Docker;
			sourceTree = "<group>";
		};
		EC3DCF330E6A81550269D242 /* Settings */ = {
			isa = PBXGroup;
			children = (
				05D1AFAAE4BC8C65863BE402 /* SettingsView.swift */,
			);
			path = Settings;
			sourceTree = "<group>";
		};
		FA026CB2858CE140FC8F9C66 /* Monitoring */ = {
			isa = PBXGroup;
			children = (
				7991543F5AC26BA0330F6042 /* PortMonitor.swift */,
			);
			path = Monitoring;
			sourceTree = "<group>";
		};
/* End PBXGroup section */

/* Begin PBXNativeTarget section */
		1A1566A7CDA535A6A8BB5081 /* PortPilotIntegrationTests */ = {
			isa = PBXNativeTarget;
			buildConfigurationList = A3A77BE00466F846A8180010 /* Build configuration list for PBXNativeTarget "PortPilotIntegrationTests" */;
			buildPhases = (
				E8B5E08E4F0CFC855D9B4AE3 /* Sources */,
			);
			buildRules = (
			);
			dependencies = (
				F364A1DE6812FF33D5A2135E /* PBXTargetDependency */,
			);
			name = PortPilotIntegrationTests;
			packageProductDependencies = (
			);
			productName = PortPilotIntegrationTests;
			productReference = 93855D4049BC6E6EDE2EF7CA /* PortPilotIntegrationTests.xctest */;
			productType = "com.apple.product-type.bundle.unit-test";
		};
		3A672399FECBA082AEF993F4 /* PortPilotTests */ = {
			isa = PBXNativeTarget;
			buildConfigurationList = 2507E1811BFD79A0B3359A71 /* Build configuration list for PBXNativeTarget "PortPilotTests" */;
			buildPhases = (
				3038B17129FB8A1FD528F8D8 /* Sources */,
				AACAC26D53BC11B0FB721962 /* Resources */,
			);
			buildRules = (
			);
			dependencies = (
				B647E1D239DE9E483ADFD913 /* PBXTargetDependency */,
			);
			name = PortPilotTests;
			packageProductDependencies = (
			);
			productName = PortPilotTests;
			productReference = DEDFEDEE3916FAC18D7371D8 /* PortPilotTests.xctest */;
			productType = "com.apple.product-type.bundle.unit-test";
		};
		4D26D46F9213594A6115E704 /* PortPilot */ = {
			isa = PBXNativeTarget;
			buildConfigurationList = F8B4770BCE14AB626EDC33F3 /* Build configuration list for PBXNativeTarget "PortPilot" */;
			buildPhases = (
				F90A23A44A6D1E6D8517AE88 /* Sources */,
				28AD33E258716B630F56D450 /* Resources */,
			);
			buildRules = (
			);
			dependencies = (
			);
			name = PortPilot;
			packageProductDependencies = (
			);
			productName = PortPilot;
			productReference = 4538E828BD932E87FB855FE4 /* PortPilot.app */;
			productType = "com.apple.product-type.application";
		};
/* End PBXNativeTarget section */

/* Begin PBXProject section */
		CB34D621EC9DCC7C24CDACCA /* Project object */ = {
			isa = PBXProject;
			attributes = {
				BuildIndependentTargetsInParallel = YES;
				LastUpgradeCheck = 1430;
				TargetAttributes = {
					1A1566A7CDA535A6A8BB5081 = {
						DevelopmentTeam = "";
						ProvisioningStyle = Automatic;
					};
					3A672399FECBA082AEF993F4 = {
						DevelopmentTeam = "";
						ProvisioningStyle = Automatic;
					};
					4D26D46F9213594A6115E704 = {
						DevelopmentTeam = "";
						ProvisioningStyle = Automatic;
					};
				};
			};
			buildConfigurationList = 1AC2E64663D58499C7C0B1E7 /* Build configuration list for PBXProject "PortPilot" */;
			developmentRegion = en;
			hasScannedForEncodings = 0;
			knownRegions = (
				Base,
				en,
			);
			mainGroup = 983A46182F4FDFFFDCF4809C;
			minimizedProjectReferenceProxies = 1;
			preferredProjectObjectVersion = 77;
			productRefGroup = 5553A2760A7223C67F500D4C /* Products */;
			projectDirPath = "";
			projectRoot = "";
			targets = (
				4D26D46F9213594A6115E704 /* PortPilot */,
				3A672399FECBA082AEF993F4 /* PortPilotTests */,
				1A1566A7CDA535A6A8BB5081 /* PortPilotIntegrationTests */,
			);
		};
/* End PBXProject section */

/* Begin PBXResourcesBuildPhase section */
		28AD33E258716B630F56D450 /* Resources */ = {
			isa = PBXResourcesBuildPhase;
			buildActionMask = 2147483647;
			files = (
				6E89001FCD89FD1252282A68 /* Assets.xcassets in Resources */,
			);
			runOnlyForDeploymentPostprocessing = 0;
		};
		AACAC26D53BC11B0FB721962 /* Resources */ = {
			isa = PBXResourcesBuildPhase;
			buildActionMask = 2147483647;
			files = (
				5BA322967E582755CF8B531E /* lsof_tcp.fields in Resources */,
				48C387A074F3ED1B54E36A9B /* lsof_udp.fields in Resources */,
			);
			runOnlyForDeploymentPostprocessing = 0;
		};
/* End PBXResourcesBuildPhase section */

/* Begin PBXSourcesBuildPhase section */
		3038B17129FB8A1FD528F8D8 /* Sources */ = {
			isa = PBXSourcesBuildPhase;
			buildActionMask = 2147483647;
			files = (
				02D73E421B1093377635D48A /* LaunchProfileTests.swift in Sources */,
				E0A60FF10DD5ACEB90DEBFB7 /* LsofFieldParserTests.swift in Sources */,
				2D5F9410BEFC7BE505EE6EE8 /* ProcessSafetyTests.swift in Sources */,
				5BFE7CDF4054D8D195EFD5AE /* ProjectInfererTests.swift in Sources */,
				D49E557249ABD5ADEF5DED30 /* RuntimeAndClassificationTests.swift in Sources */,
				F973232BB0C83100831D2ED8 /* TestSupport.swift in Sources */,
			);
			runOnlyForDeploymentPostprocessing = 0;
		};
		E8B5E08E4F0CFC855D9B4AE3 /* Sources */ = {
			isa = PBXSourcesBuildPhase;
			buildActionMask = 2147483647;
			files = (
				D59DD781AC2721B123B9E404 /* HarmlessListenerIntegrationTests.swift in Sources */,
			);
			runOnlyForDeploymentPostprocessing = 0;
		};
		F90A23A44A6D1E6D8517AE88 /* Sources */ = {
			isa = PBXSourcesBuildPhase;
			buildActionMask = 2147483647;
			files = (
				2F6F5B8775FECA20D9948D35 /* ActivePortsView.swift in Sources */,
				63638CBB8EF3BB5668CA959B /* AppError.swift in Sources */,
				EBB487FAA9AC36D518998022 /* AppModel.swift in Sources */,
				FCB463D1A809251EDEC01EF4 /* CommandPaletteView.swift in Sources */,
				C65BE0F5B944B2C0931F042B /* DesignSystem.swift in Sources */,
				A368C8A29601E11AC4D76074 /* DockerView.swift in Sources */,
				766368E6AE046D2EF725398B /* FoundationCommandRunner.swift in Sources */,
				AB18341B4BC430A6100CF5C1 /* HistoryModels.swift in Sources */,
				6049530E8FB5F443A8B52B41 /* HistoryView.swift in Sources */,
				48A44A36A8A8D9D64007262E /* LaunchModels.swift in Sources */,
				DBDB41441FC6D4386A59130E /* LaunchProfilesView.swift in Sources */,
				AD701892F1FA22933557230D /* LocalPortDiscovery.swift in Sources */,
				995204CD1781F762A9DA75A8 /* LsofFieldParser.swift in Sources */,
				9A411701374D7050038C2364 /* MenuBarView.swift in Sources */,
				5F13F39D1DFE88855937FFE0 /* OverviewView.swift in Sources */,
				B3F6CCE517C70E0A35FEA543 /* PersistentModels.swift in Sources */,
				CB9D9B52EA2D316048A3047F /* PortMonitor.swift in Sources */,
				0029ED91461DC54070E82997 /* PortPilotApp.swift in Sources */,
				7F6EDF7B90D97269BBFEEAB1 /* ProcessClassifier.swift in Sources */,
				0CF13BB0993935FF0D24C460 /* ProcessIdentityVerifier.swift in Sources */,
				1A26C527A92577D65087AA63 /* ProcessMetadataProvider.swift in Sources */,
				07CC50C47CEF255E8B915CCB /* ProcessModels.swift in Sources */,
				42448F0524593460C15A0827 /* ProjectInferer.swift in Sources */,
				AA9D31C256AC11EE0519F5E0 /* ProjectsView.swift in Sources */,
				A4575D6DC4601145B79BE189 /* RootView.swift in Sources */,
				D9F459D98411CF1869C9DD22 /* SafeProcessController.swift in Sources */,
				1D32DAD15C4CD57B9FD4988E /* ServiceProtocols.swift in Sources */,
				FEAC4060A6487B5B1690F4FD /* SettingsView.swift in Sources */,
				92EBFF6F177E4BB6F257D9E7 /* SwiftDataStore.swift in Sources */,
				9D11DF2B9FAA96BFDE35089D /* TerminationStateMachine.swift in Sources */,
			);
			runOnlyForDeploymentPostprocessing = 0;
		};
/* End PBXSourcesBuildPhase section */

/* Begin PBXTargetDependency section */
		B647E1D239DE9E483ADFD913 /* PBXTargetDependency */ = {
			isa = PBXTargetDependency;
			target = 4D26D46F9213594A6115E704 /* PortPilot */;
			targetProxy = 9BB75A3E71B56DD9ADF92EC0 /* PBXContainerItemProxy */;
		};
		F364A1DE6812FF33D5A2135E /* PBXTargetDependency */ = {
			isa = PBXTargetDependency;
			target = 4D26D46F9213594A6115E704 /* PortPilot */;
			targetProxy = AE93AD0778A329D696182509 /* PBXContainerItemProxy */;
		};
/* End PBXTargetDependency section */

/* Begin XCBuildConfiguration section */
		01DF9BD84EC2662F327329E7 /* Debug */ = {
			isa = XCBuildConfiguration;
			buildSettings = {
				ASSETCATALOG_COMPILER_APPICON_NAME = AppIcon;
				CODE_SIGN_ENTITLEMENTS = PortPilot/Resources/PortPilot.entitlements;
				COMBINE_HIDPI_IMAGES = YES;
				ENABLE_APP_SANDBOX = NO;
				ENABLE_HARDENED_RUNTIME = YES;
				GENERATE_INFOPLIST_FILE = YES;
				INFOPLIST_KEY_CFBundleDisplayName = PortPilot;
				INFOPLIST_KEY_LSApplicationCategoryType = "public.app-category.developer-tools";
				INFOPLIST_KEY_LSMinimumSystemVersion = 14.0;
				INFOPLIST_KEY_NSHumanReadableCopyright = "Copyright © 2026 PortPilot contributors.";
				LD_RUNPATH_SEARCH_PATHS = (
					"$(inherited)",
					"@executable_path/../Frameworks",
				);
				PRODUCT_BUNDLE_IDENTIFIER = com.ysbc.portpilot;
				PRODUCT_NAME = PortPilot;
				SDKROOT = macosx;
			};
			name = Debug;
		};
		0E5CD22E887B8A4ED5D40B65 /* Debug */ = {
			isa = XCBuildConfiguration;
			buildSettings = {
				ALWAYS_SEARCH_USER_PATHS = NO;
				CLANG_ANALYZER_LOCALIZABILITY_NONLOCALIZED = YES;
				CLANG_ANALYZER_NONNULL = YES;
				CLANG_ANALYZER_NUMBER_OBJECT_CONVERSION = YES_AGGRESSIVE;
				CLANG_CXX_LANGUAGE_STANDARD = "gnu++14";
				CLANG_CXX_LIBRARY = "libc++";
				CLANG_ENABLE_MODULES = YES;
				CLANG_ENABLE_OBJC_ARC = YES;
				CLANG_ENABLE_OBJC_WEAK = YES;
				CLANG_WARN_BLOCK_CAPTURE_AUTORELEASING = YES;
				CLANG_WARN_BOOL_CONVERSION = YES;
				CLANG_WARN_COMMA = YES;
				CLANG_WARN_CONSTANT_CONVERSION = YES;
				CLANG_WARN_DEPRECATED_OBJC_IMPLEMENTATIONS = YES;
				CLANG_WARN_DIRECT_OBJC_ISA_USAGE = YES_ERROR;
				CLANG_WARN_DOCUMENTATION_COMMENTS = YES;
				CLANG_WARN_EMPTY_BODY = YES;
				CLANG_WARN_ENUM_CONVERSION = YES;
				CLANG_WARN_INFINITE_RECURSION = YES;
				CLANG_WARN_INT_CONVERSION = YES;
				CLANG_WARN_NON_LITERAL_NULL_CONVERSION = YES;
				CLANG_WARN_OBJC_IMPLICIT_RETAIN_SELF = YES;
				CLANG_WARN_OBJC_LITERAL_CONVERSION = YES;
				CLANG_WARN_OBJC_ROOT_CLASS = YES_ERROR;
				CLANG_WARN_QUOTED_INCLUDE_IN_FRAMEWORK_HEADER = YES;
				CLANG_WARN_RANGE_LOOP_ANALYSIS = YES;
				CLANG_WARN_STRICT_PROTOTYPES = YES;
				CLANG_WARN_SUSPICIOUS_MOVE = YES;
				CLANG_WARN_UNGUARDED_AVAILABILITY = YES_AGGRESSIVE;
				CLANG_WARN_UNREACHABLE_CODE = YES;
				CLANG_WARN__DUPLICATE_METHOD_MATCH = YES;
				CODE_SIGN_STYLE = Automatic;
				COPY_PHASE_STRIP = NO;
				DEBUG_INFORMATION_FORMAT = dwarf;
				DEVELOPMENT_TEAM = "";
				ENABLE_STRICT_OBJC_MSGSEND = YES;
				ENABLE_TESTABILITY = YES;
				ENABLE_USER_SCRIPT_SANDBOXING = YES;
				GCC_C_LANGUAGE_STANDARD = gnu11;
				GCC_DYNAMIC_NO_PIC = NO;
				GCC_NO_COMMON_BLOCKS = YES;
				GCC_OPTIMIZATION_LEVEL = 0;
				GCC_PREPROCESSOR_DEFINITIONS = (
					"$(inherited)",
					"DEBUG=1",
				);
				GCC_TREAT_WARNINGS_AS_ERRORS = YES;
				GCC_WARN_64_TO_32_BIT_CONVERSION = YES;
				GCC_WARN_ABOUT_RETURN_TYPE = YES_ERROR;
				GCC_WARN_UNDECLARED_SELECTOR = YES;
				GCC_WARN_UNINITIALIZED_AUTOS = YES_AGGRESSIVE;
				GCC_WARN_UNUSED_FUNCTION = YES;
				GCC_WARN_UNUSED_VARIABLE = YES;
				MACOSX_DEPLOYMENT_TARGET = 14.0;
				MTL_ENABLE_DEBUG_INFO = INCLUDE_SOURCE;
				MTL_FAST_MATH = YES;
				ONLY_ACTIVE_ARCH = YES;
				PRODUCT_NAME = "$(TARGET_NAME)";
				SDKROOT = macosx;
				SWIFT_ACTIVE_COMPILATION_CONDITIONS = DEBUG;
				SWIFT_OPTIMIZATION_LEVEL = "-Onone";
				SWIFT_TREAT_WARNINGS_AS_ERRORS = YES;
				SWIFT_VERSION = 5.1;
			};
			name = Debug;
		};
		35A1D48ACFA7034B67588137 /* Debug */ = {
			isa = XCBuildConfiguration;
			buildSettings = {
				BUNDLE_LOADER = "$(TEST_HOST)";
				COMBINE_HIDPI_IMAGES = YES;
				GENERATE_INFOPLIST_FILE = YES;
				LD_RUNPATH_SEARCH_PATHS = (
					"$(inherited)",
					"@executable_path/../Frameworks",
					"@loader_path/../Frameworks",
				);
				PRODUCT_BUNDLE_IDENTIFIER = com.ysbc.portpilot.tests;
				SDKROOT = macosx;
				TEST_HOST = "$(BUILT_PRODUCTS_DIR)/PortPilot.app/Contents/MacOS/PortPilot";
			};
			name = Debug;
		};
		8204109E4BF1CCA3A298C5AF /* Debug */ = {
			isa = XCBuildConfiguration;
			buildSettings = {
				BUNDLE_LOADER = "$(TEST_HOST)";
				COMBINE_HIDPI_IMAGES = YES;
				GENERATE_INFOPLIST_FILE = YES;
				LD_RUNPATH_SEARCH_PATHS = (
					"$(inherited)",
					"@executable_path/../Frameworks",
					"@loader_path/../Frameworks",
				);
				PRODUCT_BUNDLE_IDENTIFIER = "com.ysbc.portpilot.integration-tests";
				SDKROOT = macosx;
				TEST_HOST = "$(BUILT_PRODUCTS_DIR)/PortPilot.app/Contents/MacOS/PortPilot";
			};
			name = Debug;
		};
		B74729E84CCFF7A7866D51F3 /* Release */ = {
			isa = XCBuildConfiguration;
			buildSettings = {
				BUNDLE_LOADER = "$(TEST_HOST)";
				COMBINE_HIDPI_IMAGES = YES;
				GENERATE_INFOPLIST_FILE = YES;
				LD_RUNPATH_SEARCH_PATHS = (
					"$(inherited)",
					"@executable_path/../Frameworks",
					"@loader_path/../Frameworks",
				);
				PRODUCT_BUNDLE_IDENTIFIER = "com.ysbc.portpilot.integration-tests";
				SDKROOT = macosx;
				TEST_HOST = "$(BUILT_PRODUCTS_DIR)/PortPilot.app/Contents/MacOS/PortPilot";
			};
			name = Release;
		};
		BC0B7B5E830BE4FB436009FD /* Release */ = {
			isa = XCBuildConfiguration;
			buildSettings = {
				BUNDLE_LOADER = "$(TEST_HOST)";
				COMBINE_HIDPI_IMAGES = YES;
				GENERATE_INFOPLIST_FILE = YES;
				LD_RUNPATH_SEARCH_PATHS = (
					"$(inherited)",
					"@executable_path/../Frameworks",
					"@loader_path/../Frameworks",
				);
				PRODUCT_BUNDLE_IDENTIFIER = com.ysbc.portpilot.tests;
				SDKROOT = macosx;
				TEST_HOST = "$(BUILT_PRODUCTS_DIR)/PortPilot.app/Contents/MacOS/PortPilot";
			};
			name = Release;
		};
		C871091CCF4D2C8172ABCA78 /* Release */ = {
			isa = XCBuildConfiguration;
			buildSettings = {
				ASSETCATALOG_COMPILER_APPICON_NAME = AppIcon;
				CODE_SIGN_ENTITLEMENTS = PortPilot/Resources/PortPilot.entitlements;
				COMBINE_HIDPI_IMAGES = YES;
				ENABLE_APP_SANDBOX = NO;
				ENABLE_HARDENED_RUNTIME = YES;
				GENERATE_INFOPLIST_FILE = YES;
				INFOPLIST_KEY_CFBundleDisplayName = PortPilot;
				INFOPLIST_KEY_LSApplicationCategoryType = "public.app-category.developer-tools";
				INFOPLIST_KEY_LSMinimumSystemVersion = 14.0;
				INFOPLIST_KEY_NSHumanReadableCopyright = "Copyright © 2026 PortPilot contributors.";
				LD_RUNPATH_SEARCH_PATHS = (
					"$(inherited)",
					"@executable_path/../Frameworks",
				);
				PRODUCT_BUNDLE_IDENTIFIER = com.ysbc.portpilot;
				PRODUCT_NAME = PortPilot;
				SDKROOT = macosx;
			};
			name = Release;
		};
		D25457CB5574850DDB29F980 /* Release */ = {
			isa = XCBuildConfiguration;
			buildSettings = {
				ALWAYS_SEARCH_USER_PATHS = NO;
				CLANG_ANALYZER_LOCALIZABILITY_NONLOCALIZED = YES;
				CLANG_ANALYZER_NONNULL = YES;
				CLANG_ANALYZER_NUMBER_OBJECT_CONVERSION = YES_AGGRESSIVE;
				CLANG_CXX_LANGUAGE_STANDARD = "gnu++14";
				CLANG_CXX_LIBRARY = "libc++";
				CLANG_ENABLE_MODULES = YES;
				CLANG_ENABLE_OBJC_ARC = YES;
				CLANG_ENABLE_OBJC_WEAK = YES;
				CLANG_WARN_BLOCK_CAPTURE_AUTORELEASING = YES;
				CLANG_WARN_BOOL_CONVERSION = YES;
				CLANG_WARN_COMMA = YES;
				CLANG_WARN_CONSTANT_CONVERSION = YES;
				CLANG_WARN_DEPRECATED_OBJC_IMPLEMENTATIONS = YES;
				CLANG_WARN_DIRECT_OBJC_ISA_USAGE = YES_ERROR;
				CLANG_WARN_DOCUMENTATION_COMMENTS = YES;
				CLANG_WARN_EMPTY_BODY = YES;
				CLANG_WARN_ENUM_CONVERSION = YES;
				CLANG_WARN_INFINITE_RECURSION = YES;
				CLANG_WARN_INT_CONVERSION = YES;
				CLANG_WARN_NON_LITERAL_NULL_CONVERSION = YES;
				CLANG_WARN_OBJC_IMPLICIT_RETAIN_SELF = YES;
				CLANG_WARN_OBJC_LITERAL_CONVERSION = YES;
				CLANG_WARN_OBJC_ROOT_CLASS = YES_ERROR;
				CLANG_WARN_QUOTED_INCLUDE_IN_FRAMEWORK_HEADER = YES;
				CLANG_WARN_RANGE_LOOP_ANALYSIS = YES;
				CLANG_WARN_STRICT_PROTOTYPES = YES;
				CLANG_WARN_SUSPICIOUS_MOVE = YES;
				CLANG_WARN_UNGUARDED_AVAILABILITY = YES_AGGRESSIVE;
				CLANG_WARN_UNREACHABLE_CODE = YES;
				CLANG_WARN__DUPLICATE_METHOD_MATCH = YES;
				CODE_SIGN_STYLE = Automatic;
				COPY_PHASE_STRIP = NO;
				DEBUG_INFORMATION_FORMAT = "dwarf-with-dsym";
				DEVELOPMENT_TEAM = "";
				ENABLE_NS_ASSERTIONS = NO;
				ENABLE_STRICT_OBJC_MSGSEND = YES;
				ENABLE_USER_SCRIPT_SANDBOXING = YES;
				GCC_C_LANGUAGE_STANDARD = gnu11;
				GCC_NO_COMMON_BLOCKS = YES;
				GCC_TREAT_WARNINGS_AS_ERRORS = YES;
				GCC_WARN_64_TO_32_BIT_CONVERSION = YES;
				GCC_WARN_ABOUT_RETURN_TYPE = YES_ERROR;
				GCC_WARN_UNDECLARED_SELECTOR = YES;
				GCC_WARN_UNINITIALIZED_AUTOS = YES_AGGRESSIVE;
				GCC_WARN_UNUSED_FUNCTION = YES;
				GCC_WARN_UNUSED_VARIABLE = YES;
				MACOSX_DEPLOYMENT_TARGET = 14.0;
				MTL_ENABLE_DEBUG_INFO = NO;
				MTL_FAST_MATH = YES;
				PRODUCT_NAME = "$(TARGET_NAME)";
				SDKROOT = macosx;
				SWIFT_COMPILATION_MODE = wholemodule;
				SWIFT_OPTIMIZATION_LEVEL = "-O";
				SWIFT_TREAT_WARNINGS_AS_ERRORS = YES;
				SWIFT_VERSION = 5.1;
			};
			name = Release;
		};
/* End XCBuildConfiguration section */

/* Begin XCConfigurationList section */
		1AC2E64663D58499C7C0B1E7 /* Build configuration list for PBXProject "PortPilot" */ = {
			isa = XCConfigurationList;
			buildConfigurations = (
				0E5CD22E887B8A4ED5D40B65 /* Debug */,
				D25457CB5574850DDB29F980 /* Release */,
			);
			defaultConfigurationIsVisible = 0;
			defaultConfigurationName = Debug;
		};
		2507E1811BFD79A0B3359A71 /* Build configuration list for PBXNativeTarget "PortPilotTests" */ = {
			isa = XCConfigurationList;
			buildConfigurations = (
				35A1D48ACFA7034B67588137 /* Debug */,
				BC0B7B5E830BE4FB436009FD /* Release */,
			);
			defaultConfigurationIsVisible = 0;
			defaultConfigurationName = Debug;
		};
		A3A77BE00466F846A8180010 /* Build configuration list for PBXNativeTarget "PortPilotIntegrationTests" */ = {
			isa = XCConfigurationList;
			buildConfigurations = (
				8204109E4BF1CCA3A298C5AF /* Debug */,
				B74729E84CCFF7A7866D51F3 /* Release */,
			);
			defaultConfigurationIsVisible = 0;
			defaultConfigurationName = Debug;
		};
		F8B4770BCE14AB626EDC33F3 /* Build configuration list for PBXNativeTarget "PortPilot" */ = {
			isa = XCConfigurationList;
			buildConfigurations = (
				01DF9BD84EC2662F327329E7 /* Debug */,
				C871091CCF4D2C8172ABCA78 /* Release */,
			);
			defaultConfigurationIsVisible = 0;
			defaultConfigurationName = Debug;
		};
/* End XCConfigurationList section */
	};
	rootObject = CB34D621EC9DCC7C24CDACCA /* Project object */;
}
