// !$*UTF8*$!
{
	archiveVersion = 1;
	classes = {
	};
	objectVersion = 77;
	objects = {

/* Begin PBXBuildFile section */
		026E832E6BCC5A340778A8FC /* DockerView.swift in Sources */ = {isa = PBXBuildFile; fileRef = 12FB87E39B521ED6937502C4 /* DockerView.swift */; };
		10C3ACE1EDBCBB2DC7692DCC /* lsof_udp.fields in Resources */ = {isa = PBXBuildFile; fileRef = FB6E64683074F3FCCC37A19F /* lsof_udp.fields */; };
		13E91849FB34B8BF5564C194 /* OverviewView.swift in Sources */ = {isa = PBXBuildFile; fileRef = 8D4DEAD085C36875EDADDF3D /* OverviewView.swift */; };
		14C750B212F0A1BDD7323551 /* DesignSystem.swift in Sources */ = {isa = PBXBuildFile; fileRef = 172D267BDF4FFC28F247C9BC /* DesignSystem.swift */; };
		14DAEE1DD2443A28A8825CC4 /* AppModel.swift in Sources */ = {isa = PBXBuildFile; fileRef = 996099AC5AF505DEBBF80B04 /* AppModel.swift */; };
		1AF40EE5F31D28AEADAB43BC /* RuntimeAndClassificationTests.swift in Sources */ = {isa = PBXBuildFile; fileRef = 4AA688D4DBA71F83FD6A72BB /* RuntimeAndClassificationTests.swift */; };
		1B0D10E3DEB2DB4F900AE56D /* DockerCLIClient.swift in Sources */ = {isa = PBXBuildFile; fileRef = 6D97877AC906205957A6C8A9 /* DockerCLIClient.swift */; };
		1BE1F87E19498B6F6FF4643F /* HistoryView.swift in Sources */ = {isa = PBXBuildFile; fileRef = DDA2CD0E2906908AD73FE85E /* HistoryView.swift */; };
		253D073B0A48BFFD46CC12DC /* KeychainMigrationTests.swift in Sources */ = {isa = PBXBuildFile; fileRef = 6D064E5E26BFD836A5F824A5 /* KeychainMigrationTests.swift */; };
		29987D5F90E4E2F18D7645CA /* AppError.swift in Sources */ = {isa = PBXBuildFile; fileRef = 8555175F66B159987858E32E /* AppError.swift */; };
		2F6149F28827459B44F86A4C /* HarmlessListenerIntegrationTests.swift in Sources */ = {isa = PBXBuildFile; fileRef = 25F467C90F276E40C4550FAC /* HarmlessListenerIntegrationTests.swift */; };
		307995E1C52D9BED607CBE41 /* SettingsView.swift in Sources */ = {isa = PBXBuildFile; fileRef = E915152771EBB18742462365 /* SettingsView.swift */; };
		337D4EBBF3BCD7A396E04B81 /* ProductDataMigrationTests.swift in Sources */ = {isa = PBXBuildFile; fileRef = DA59E3C9BBCAFC3EBC27FB06 /* ProductDataMigrationTests.swift */; };
		339E36B428832E182159D439 /* http_fixture.py in Resources */ = {isa = PBXBuildFile; fileRef = B64CE41FDCF28EF30CF8764A /* http_fixture.py */; };
		37BAE00F14CAB71A9E4E3011 /* RootView.swift in Sources */ = {isa = PBXBuildFile; fileRef = D1C89CE483BCC512A37FCE6F /* RootView.swift */; };
		381783E9FC7AA375C496168B /* ProductDataMigrator.swift in Sources */ = {isa = PBXBuildFile; fileRef = 2BBACA958931EDE98D0E04D2 /* ProductDataMigrator.swift */; };
		39322320848A511B859B3725 /* LsofFieldParserTests.swift in Sources */ = {isa = PBXBuildFile; fileRef = D96434C1697DBD20EDEFBE12 /* LsofFieldParserTests.swift */; };
		3CA5BA103744C4F94C520C7E /* MenuBarView.swift in Sources */ = {isa = PBXBuildFile; fileRef = 09908791980E99623C212B2E /* MenuBarView.swift */; };
		438E73B6BB64889704C8B2C6 /* TestSupport.swift in Sources */ = {isa = PBXBuildFile; fileRef = 7CF5D6D125D6194F1977461E /* TestSupport.swift */; };
		4858F56C3C193BA2C67ECFBF /* ManagedServiceModels.swift in Sources */ = {isa = PBXBuildFile; fileRef = FD129DF980FA6E6998E15197 /* ManagedServiceModels.swift */; };
		4983C1F94559B66461CA2AD1 /* RuntimeModels.swift in Sources */ = {isa = PBXBuildFile; fileRef = 095103FBC28B05553E66EB5D /* RuntimeModels.swift */; };
		4A2B46BA7AE3180B4A110A8E /* FoundationCommandRunner.swift in Sources */ = {isa = PBXBuildFile; fileRef = 78CEF95783200B823B75E8C5 /* FoundationCommandRunner.swift */; };
		4E27607B4D04718489029189 /* ManagedProcessLauncher.swift in Sources */ = {isa = PBXBuildFile; fileRef = 8B63A7B6CB927DB17C1D18AE /* ManagedProcessLauncher.swift */; };
		5023DB32245FF535307408E3 /* ProjectOrchestrator.swift in Sources */ = {isa = PBXBuildFile; fileRef = E6E50D20A0E7D0617C12698C /* ProjectOrchestrator.swift */; };
		5A0128E0565D237AF00EC95E /* ProjectInfererTests.swift in Sources */ = {isa = PBXBuildFile; fileRef = AE18BA5698BF0E0B1A10DCD4 /* ProjectInfererTests.swift */; };
		5CA54D85C793D6376AC580D7 /* DockerModels.swift in Sources */ = {isa = PBXBuildFile; fileRef = A78D7D1A2732D94FE7AC87EC /* DockerModels.swift */; };
		66DE3EA6286B21F8B1CE07E3 /* LaunchProfilesView.swift in Sources */ = {isa = PBXBuildFile; fileRef = F3E5D53E26ADAEA01A8BFA8C /* LaunchProfilesView.swift */; };
		68AAE3743CB1E56AA4E2234F /* HistoryModels.swift in Sources */ = {isa = PBXBuildFile; fileRef = 0E611672C5ABD4799462FA7C /* HistoryModels.swift */; };
		6BE31D64294D563492D46FEC /* LaunchCoordinatorTests.swift in Sources */ = {isa = PBXBuildFile; fileRef = C3DDE94D262FE7E5F2AB087A /* LaunchCoordinatorTests.swift */; };
		6CD6AE2C3269DFB2FD1F291F /* multi_port_fixture.py in Resources */ = {isa = PBXBuildFile; fileRef = A526150CBE5099F1EF0D7DE0 /* multi_port_fixture.py */; };
		6F8B9DCD943AEB354409FFD1 /* SessionModels.swift in Sources */ = {isa = PBXBuildFile; fileRef = 66A098D081B90C4B4A84DC0A /* SessionModels.swift */; };
		747A056DC4B87FCE61F5E540 /* SecurityAndLoggingTests.swift in Sources */ = {isa = PBXBuildFile; fileRef = FE5DA8EEED2AE44D300F3389 /* SecurityAndLoggingTests.swift */; };
		7ECFF41AF02D51CC2B09C5DE /* HealthCheckTests.swift in Sources */ = {isa = PBXBuildFile; fileRef = FC785A7D1CE69D53A040B082 /* HealthCheckTests.swift */; };
		7FC22B2A01C124E7BE5D0F2B /* HTTPHealthChecker.swift in Sources */ = {isa = PBXBuildFile; fileRef = 106925A3C19AA914FD8A6C8E /* HTTPHealthChecker.swift */; };
		8126BBFD7328CB533EC01E5F /* PersistentModels.swift in Sources */ = {isa = PBXBuildFile; fileRef = E7DE9AFA59A86FDD0E83BF82 /* PersistentModels.swift */; };
		860C81C5EA2838923BBFEAB5 /* ProcessMetadataProvider.swift in Sources */ = {isa = PBXBuildFile; fileRef = 9B8BCE677521AA6E288AE533 /* ProcessMetadataProvider.swift */; };
		87086294CA840C789FD855FA /* ProjectInferer.swift in Sources */ = {isa = PBXBuildFile; fileRef = 163E0483F03524B1EBF291C2 /* ProjectInferer.swift */; };
		8981D7C9462A3A00F971679B /* SafeProcessController.swift in Sources */ = {isa = PBXBuildFile; fileRef = AACCDD763B36B6FC4D4CECC4 /* SafeProcessController.swift */; };
		8B6E683467E88FA2D1606141 /* LocalPortDiscovery.swift in Sources */ = {isa = PBXBuildFile; fileRef = 1B1F87145BEAF4FCCD45701C /* LocalPortDiscovery.swift */; };
		902896C5F64C78F6B584CEEA /* SwiftDataStore.swift in Sources */ = {isa = PBXBuildFile; fileRef = C4C3F23F2B99866A79E60F74 /* SwiftDataStore.swift */; };
		95A54C730701C8270F02C2BC /* ShellEscaper.swift in Sources */ = {isa = PBXBuildFile; fileRef = 3FDAF0A189722036850B2DD4 /* ShellEscaper.swift */; };
		966EB287D49A434179F0C2EB /* DevBerthApp.swift in Sources */ = {isa = PBXBuildFile; fileRef = 3C85578D426577657D7953F3 /* DevBerthApp.swift */; };
		96B417891DCF0D7B100C98C6 /* ProjectDiscoveryModels.swift in Sources */ = {isa = PBXBuildFile; fileRef = DB37034A78AFCE64BAEA1D84 /* ProjectDiscoveryModels.swift */; };
		A076E3489901D7B7159CC7BC /* DockerAssociationProvider.swift in Sources */ = {isa = PBXBuildFile; fileRef = 150E72F36AB6C2577A8C22A9 /* DockerAssociationProvider.swift */; };
		A09979F851CD90DF4CD9B14F /* ActivePortsView.swift in Sources */ = {isa = PBXBuildFile; fileRef = 8725BE07E983E6E7233CCB1D /* ActivePortsView.swift */; };
		A3916D1FF2F74D6FEBDCA8F8 /* CommandPaletteView.swift in Sources */ = {isa = PBXBuildFile; fileRef = 403A40D3191E8EE9A71BCCF8 /* CommandPaletteView.swift */; };
		ACAD6B504C1B9CA19A20F64E /* LsofFieldParser.swift in Sources */ = {isa = PBXBuildFile; fileRef = 86686FD53004C1D8AECD25E2 /* LsofFieldParser.swift */; };
		AF98D409ED0760A5F7DBE69B /* KeychainSecretStore.swift in Sources */ = {isa = PBXBuildFile; fileRef = 1A4E35A45E34E86F62603B27 /* KeychainSecretStore.swift */; };
		B318FEE0CA02452EB0F2D640 /* LifecycleModels.swift in Sources */ = {isa = PBXBuildFile; fileRef = E5D787963156C51A4B2FE2F2 /* LifecycleModels.swift */; };
		B82FA5BFCA917D72ACC3DED6 /* Assets.xcassets in Resources */ = {isa = PBXBuildFile; fileRef = 854B52FA18C6757B9E2F6F4A /* Assets.xcassets */; };
		BB4C241AD329B1AA3C131728 /* ServiceProtocols.swift in Sources */ = {isa = PBXBuildFile; fileRef = B60293B6FA7E9809C5E36248 /* ServiceProtocols.swift */; };
		BBC0CB99DAC609967629F47B /* PersistentModelsV2.swift in Sources */ = {isa = PBXBuildFile; fileRef = B8ABD88DC29F2A1E8D26EDD2 /* PersistentModelsV2.swift */; };
		BD4519287C0A3B915A935E97 /* PortMonitor.swift in Sources */ = {isa = PBXBuildFile; fileRef = 4987E53746BE874B98C793B2 /* PortMonitor.swift */; };
		BF6BAF31F6191695D8DC28A4 /* Phase2PersistenceTests.swift in Sources */ = {isa = PBXBuildFile; fileRef = F148689F29AC7554CCD97C85 /* Phase2PersistenceTests.swift */; };
		C20B3CB7562A8E91042096EA /* ProcessIdentityVerifier.swift in Sources */ = {isa = PBXBuildFile; fileRef = 4B1BC53E46D2D994B3E224D5 /* ProcessIdentityVerifier.swift */; };
		C32AE5AD6EFAB7B982ED649E /* OwnershipModels.swift in Sources */ = {isa = PBXBuildFile; fileRef = DFD2065FE3FBAE1F295D1E1C /* OwnershipModels.swift */; };
		CA990933C54365E663D73657 /* ProcessClassifier.swift in Sources */ = {isa = PBXBuildFile; fileRef = ECEC00B35D17D8881C2DF46C /* ProcessClassifier.swift */; };
		CEE2116FFFEDC64EAAB5ACF5 /* RestartTrustModels.swift in Sources */ = {isa = PBXBuildFile; fileRef = CB7B40447F86160175D976AE /* RestartTrustModels.swift */; };
		D09B61B1CF5E8F8FA30734F5 /* LaunchCoordinator.swift in Sources */ = {isa = PBXBuildFile; fileRef = A3960E28AF5CD1076F1FC187 /* LaunchCoordinator.swift */; };
		D35CEBB1F0AD4FA041C901AF /* PersistenceTests.swift in Sources */ = {isa = PBXBuildFile; fileRef = 685AE2D075F6DC31E9CAAB54 /* PersistenceTests.swift */; };
		D79FAF020192B0010BDA2D0D /* ProjectsView.swift in Sources */ = {isa = PBXBuildFile; fileRef = ED4125EB37C4ED8228B07FD1 /* ProjectsView.swift */; };
		DAA7CCDB0C84018EDB75962A /* DiagnosticsReportBuilder.swift in Sources */ = {isa = PBXBuildFile; fileRef = 83F2B73EBEA11C532AEF63A0 /* DiagnosticsReportBuilder.swift */; };
		DB303049EE00F34FCE1273C6 /* ProfileLogsView.swift in Sources */ = {isa = PBXBuildFile; fileRef = A0EAB8131C3E48474673FA74 /* ProfileLogsView.swift */; };
		DF2B75278BA00F4012C527A4 /* LaunchProfileRecord+Domain.swift in Sources */ = {isa = PBXBuildFile; fileRef = 3E0E81383A1A22046B843794 /* LaunchProfileRecord+Domain.swift */; };
		E475F13CE2E6DCFCEFDEBA8E /* ProcessSafetyTests.swift in Sources */ = {isa = PBXBuildFile; fileRef = 2836D26D412DF4A5D6C435CE /* ProcessSafetyTests.swift */; };
		EA10F0597CF288E155FF13B3 /* ManagedServiceTests.swift in Sources */ = {isa = PBXBuildFile; fileRef = FCD92C1B0DE5DD2B05A6EE25 /* ManagedServiceTests.swift */; };
		EBC532BE0B28337BA147A07E /* ObservationModels.swift in Sources */ = {isa = PBXBuildFile; fileRef = 129DDEA3EB33CDF29BE2D394 /* ObservationModels.swift */; };
		F14884E8E2A2ABD4C0B29DA2 /* LocalNotificationService.swift in Sources */ = {isa = PBXBuildFile; fileRef = 8107B48A7BB4AA5F8A2F9AAD /* LocalNotificationService.swift */; };
		F4E5FE5BF85B5DFEF5D893EE /* DockerTests.swift in Sources */ = {isa = PBXBuildFile; fileRef = 9B9AC72B7125A6F0F3BF2329 /* DockerTests.swift */; };
		F7A3452DD487E67357A98017 /* ProductIdentity.swift in Sources */ = {isa = PBXBuildFile; fileRef = 01B43A2EDCF87B1FCBE5C128 /* ProductIdentity.swift */; };
		FAAF0AF480B39C38355C5A53 /* TerminationStateMachine.swift in Sources */ = {isa = PBXBuildFile; fileRef = 1817AFDC3300D91000276616 /* TerminationStateMachine.swift */; };
		FCD6D0882232E7FADA8713C6 /* lsof_tcp.fields in Resources */ = {isa = PBXBuildFile; fileRef = 1CAC55806EDB0182F79707CC /* lsof_tcp.fields */; };
		FCF37EA1EC6D2D06C46FDDF7 /* DevBerthLogger.swift in Sources */ = {isa = PBXBuildFile; fileRef = 1067AA0481A27FE05023A947 /* DevBerthLogger.swift */; };
/* End PBXBuildFile section */

/* Begin PBXContainerItemProxy section */
		3EF6D76B8726F5471AEC4837 /* PBXContainerItemProxy */ = {
			isa = PBXContainerItemProxy;
			containerPortal = 9A130C13C933A691EE61D7D1 /* Project object */;
			proxyType = 1;
			remoteGlobalIDString = 5BE5A6A0C4D8DFCF850AC215;
			remoteInfo = DevBerth;
		};
		C7878DFE5A36F8DC7BC59CD5 /* PBXContainerItemProxy */ = {
			isa = PBXContainerItemProxy;
			containerPortal = 9A130C13C933A691EE61D7D1 /* Project object */;
			proxyType = 1;
			remoteGlobalIDString = 5BE5A6A0C4D8DFCF850AC215;
			remoteInfo = DevBerth;
		};
/* End PBXContainerItemProxy section */

/* Begin PBXFileReference section */
		01B43A2EDCF87B1FCBE5C128 /* ProductIdentity.swift */ = {isa = PBXFileReference; lastKnownFileType = sourcecode.swift; path = ProductIdentity.swift; sourceTree = "<group>"; };
		095103FBC28B05553E66EB5D /* RuntimeModels.swift */ = {isa = PBXFileReference; lastKnownFileType = sourcecode.swift; path = RuntimeModels.swift; sourceTree = "<group>"; };
		09908791980E99623C212B2E /* MenuBarView.swift */ = {isa = PBXFileReference; lastKnownFileType = sourcecode.swift; path = MenuBarView.swift; sourceTree = "<group>"; };
		0E611672C5ABD4799462FA7C /* HistoryModels.swift */ = {isa = PBXFileReference; lastKnownFileType = sourcecode.swift; path = HistoryModels.swift; sourceTree = "<group>"; };
		1067AA0481A27FE05023A947 /* DevBerthLogger.swift */ = {isa = PBXFileReference; lastKnownFileType = sourcecode.swift; path = DevBerthLogger.swift; sourceTree = "<group>"; };
		106925A3C19AA914FD8A6C8E /* HTTPHealthChecker.swift */ = {isa = PBXFileReference; lastKnownFileType = sourcecode.swift; path = HTTPHealthChecker.swift; sourceTree = "<group>"; };
		129DDEA3EB33CDF29BE2D394 /* ObservationModels.swift */ = {isa = PBXFileReference; lastKnownFileType = sourcecode.swift; path = ObservationModels.swift; sourceTree = "<group>"; };
		12FB87E39B521ED6937502C4 /* DockerView.swift */ = {isa = PBXFileReference; lastKnownFileType = sourcecode.swift; path = DockerView.swift; sourceTree = "<group>"; };
		150E72F36AB6C2577A8C22A9 /* DockerAssociationProvider.swift */ = {isa = PBXFileReference; lastKnownFileType = sourcecode.swift; path = DockerAssociationProvider.swift; sourceTree = "<group>"; };
		163E0483F03524B1EBF291C2 /* ProjectInferer.swift */ = {isa = PBXFileReference; lastKnownFileType = sourcecode.swift; path = ProjectInferer.swift; sourceTree = "<group>"; };
		172D267BDF4FFC28F247C9BC /* DesignSystem.swift */ = {isa = PBXFileReference; lastKnownFileType = sourcecode.swift; path = DesignSystem.swift; sourceTree = "<group>"; };
		1817AFDC3300D91000276616 /* TerminationStateMachine.swift */ = {isa = PBXFileReference; lastKnownFileType = sourcecode.swift; path = TerminationStateMachine.swift; sourceTree = "<group>"; };
		1A4E35A45E34E86F62603B27 /* KeychainSecretStore.swift */ = {isa = PBXFileReference; lastKnownFileType = sourcecode.swift; path = KeychainSecretStore.swift; sourceTree = "<group>"; };
		1B1F87145BEAF4FCCD45701C /* LocalPortDiscovery.swift */ = {isa = PBXFileReference; lastKnownFileType = sourcecode.swift; path = LocalPortDiscovery.swift; sourceTree = "<group>"; };
		1CAC55806EDB0182F79707CC /* lsof_tcp.fields */ = {isa = PBXFileReference; path = lsof_tcp.fields; sourceTree = "<group>"; };
		25F467C90F276E40C4550FAC /* HarmlessListenerIntegrationTests.swift */ = {isa = PBXFileReference; lastKnownFileType = sourcecode.swift; path = HarmlessListenerIntegrationTests.swift; sourceTree = "<group>"; };
		2836D26D412DF4A5D6C435CE /* ProcessSafetyTests.swift */ = {isa = PBXFileReference; lastKnownFileType = sourcecode.swift; path = ProcessSafetyTests.swift; sourceTree = "<group>"; };
		2BBACA958931EDE98D0E04D2 /* ProductDataMigrator.swift */ = {isa = PBXFileReference; lastKnownFileType = sourcecode.swift; path = ProductDataMigrator.swift; sourceTree = "<group>"; };
		2DA2F74734CDFBB518F472E5 /* DevBerth.entitlements */ = {isa = PBXFileReference; lastKnownFileType = text.plist.entitlements; path = DevBerth.entitlements; sourceTree = "<group>"; };
		3C85578D426577657D7953F3 /* DevBerthApp.swift */ = {isa = PBXFileReference; lastKnownFileType = sourcecode.swift; path = DevBerthApp.swift; sourceTree = "<group>"; };
		3E0E81383A1A22046B843794 /* LaunchProfileRecord+Domain.swift */ = {isa = PBXFileReference; lastKnownFileType = sourcecode.swift; path = "LaunchProfileRecord+Domain.swift"; sourceTree = "<group>"; };
		3F77E2A153CA50C2C8A5EAA6 /* DevBerthIntegrationTests.xctest */ = {isa = PBXFileReference; explicitFileType = wrapper.cfbundle; includeInIndex = 0; path = DevBerthIntegrationTests.xctest; sourceTree = BUILT_PRODUCTS_DIR; };
		3FDAF0A189722036850B2DD4 /* ShellEscaper.swift */ = {isa = PBXFileReference; lastKnownFileType = sourcecode.swift; path = ShellEscaper.swift; sourceTree = "<group>"; };
		403A40D3191E8EE9A71BCCF8 /* CommandPaletteView.swift */ = {isa = PBXFileReference; lastKnownFileType = sourcecode.swift; path = CommandPaletteView.swift; sourceTree = "<group>"; };
		4987E53746BE874B98C793B2 /* PortMonitor.swift */ = {isa = PBXFileReference; lastKnownFileType = sourcecode.swift; path = PortMonitor.swift; sourceTree = "<group>"; };
		4AA688D4DBA71F83FD6A72BB /* RuntimeAndClassificationTests.swift */ = {isa = PBXFileReference; lastKnownFileType = sourcecode.swift; path = RuntimeAndClassificationTests.swift; sourceTree = "<group>"; };
		4B1BC53E46D2D994B3E224D5 /* ProcessIdentityVerifier.swift */ = {isa = PBXFileReference; lastKnownFileType = sourcecode.swift; path = ProcessIdentityVerifier.swift; sourceTree = "<group>"; };
		66A098D081B90C4B4A84DC0A /* SessionModels.swift */ = {isa = PBXFileReference; lastKnownFileType = sourcecode.swift; path = SessionModels.swift; sourceTree = "<group>"; };
		685AE2D075F6DC31E9CAAB54 /* PersistenceTests.swift */ = {isa = PBXFileReference; lastKnownFileType = sourcecode.swift; path = PersistenceTests.swift; sourceTree = "<group>"; };
		6D064E5E26BFD836A5F824A5 /* KeychainMigrationTests.swift */ = {isa = PBXFileReference; lastKnownFileType = sourcecode.swift; path = KeychainMigrationTests.swift; sourceTree = "<group>"; };
		6D97877AC906205957A6C8A9 /* DockerCLIClient.swift */ = {isa = PBXFileReference; lastKnownFileType = sourcecode.swift; path = DockerCLIClient.swift; sourceTree = "<group>"; };
		78B34E56EB01276150B038E2 /* DevBerthTests.xctest */ = {isa = PBXFileReference; explicitFileType = wrapper.cfbundle; includeInIndex = 0; path = DevBerthTests.xctest; sourceTree = BUILT_PRODUCTS_DIR; };
		78CEF95783200B823B75E8C5 /* FoundationCommandRunner.swift */ = {isa = PBXFileReference; lastKnownFileType = sourcecode.swift; path = FoundationCommandRunner.swift; sourceTree = "<group>"; };
		7CF5D6D125D6194F1977461E /* TestSupport.swift */ = {isa = PBXFileReference; lastKnownFileType = sourcecode.swift; path = TestSupport.swift; sourceTree = "<group>"; };
		8107B48A7BB4AA5F8A2F9AAD /* LocalNotificationService.swift */ = {isa = PBXFileReference; lastKnownFileType = sourcecode.swift; path = LocalNotificationService.swift; sourceTree = "<group>"; };
		83F2B73EBEA11C532AEF63A0 /* DiagnosticsReportBuilder.swift */ = {isa = PBXFileReference; lastKnownFileType = sourcecode.swift; path = DiagnosticsReportBuilder.swift; sourceTree = "<group>"; };
		854B52FA18C6757B9E2F6F4A /* Assets.xcassets */ = {isa = PBXFileReference; lastKnownFileType = folder.assetcatalog; path = Assets.xcassets; sourceTree = "<group>"; };
		8555175F66B159987858E32E /* AppError.swift */ = {isa = PBXFileReference; lastKnownFileType = sourcecode.swift; path = AppError.swift; sourceTree = "<group>"; };
		86686FD53004C1D8AECD25E2 /* LsofFieldParser.swift */ = {isa = PBXFileReference; lastKnownFileType = sourcecode.swift; path = LsofFieldParser.swift; sourceTree = "<group>"; };
		8725BE07E983E6E7233CCB1D /* ActivePortsView.swift */ = {isa = PBXFileReference; lastKnownFileType = sourcecode.swift; path = ActivePortsView.swift; sourceTree = "<group>"; };
		8B63A7B6CB927DB17C1D18AE /* ManagedProcessLauncher.swift */ = {isa = PBXFileReference; lastKnownFileType = sourcecode.swift; path = ManagedProcessLauncher.swift; sourceTree = "<group>"; };
		8D4DEAD085C36875EDADDF3D /* OverviewView.swift */ = {isa = PBXFileReference; lastKnownFileType = sourcecode.swift; path = OverviewView.swift; sourceTree = "<group>"; };
		996099AC5AF505DEBBF80B04 /* AppModel.swift */ = {isa = PBXFileReference; lastKnownFileType = sourcecode.swift; path = AppModel.swift; sourceTree = "<group>"; };
		9B8BCE677521AA6E288AE533 /* ProcessMetadataProvider.swift */ = {isa = PBXFileReference; lastKnownFileType = sourcecode.swift; path = ProcessMetadataProvider.swift; sourceTree = "<group>"; };
		9B9AC72B7125A6F0F3BF2329 /* DockerTests.swift */ = {isa = PBXFileReference; lastKnownFileType = sourcecode.swift; path = DockerTests.swift; sourceTree = "<group>"; };
		A0EAB8131C3E48474673FA74 /* ProfileLogsView.swift */ = {isa = PBXFileReference; lastKnownFileType = sourcecode.swift; path = ProfileLogsView.swift; sourceTree = "<group>"; };
		A3960E28AF5CD1076F1FC187 /* LaunchCoordinator.swift */ = {isa = PBXFileReference; lastKnownFileType = sourcecode.swift; path = LaunchCoordinator.swift; sourceTree = "<group>"; };
		A526150CBE5099F1EF0D7DE0 /* multi_port_fixture.py */ = {isa = PBXFileReference; lastKnownFileType = text.script.python; path = multi_port_fixture.py; sourceTree = "<group>"; };
		A78D7D1A2732D94FE7AC87EC /* DockerModels.swift */ = {isa = PBXFileReference; lastKnownFileType = sourcecode.swift; path = DockerModels.swift; sourceTree = "<group>"; };
		AACCDD763B36B6FC4D4CECC4 /* SafeProcessController.swift */ = {isa = PBXFileReference; lastKnownFileType = sourcecode.swift; path = SafeProcessController.swift; sourceTree = "<group>"; };
		AE18BA5698BF0E0B1A10DCD4 /* ProjectInfererTests.swift */ = {isa = PBXFileReference; lastKnownFileType = sourcecode.swift; path = ProjectInfererTests.swift; sourceTree = "<group>"; };
		B60293B6FA7E9809C5E36248 /* ServiceProtocols.swift */ = {isa = PBXFileReference; lastKnownFileType = sourcecode.swift; path = ServiceProtocols.swift; sourceTree = "<group>"; };
		B64CE41FDCF28EF30CF8764A /* http_fixture.py */ = {isa = PBXFileReference; lastKnownFileType = text.script.python; path = http_fixture.py; sourceTree = "<group>"; };
		B8ABD88DC29F2A1E8D26EDD2 /* PersistentModelsV2.swift */ = {isa = PBXFileReference; lastKnownFileType = sourcecode.swift; path = PersistentModelsV2.swift; sourceTree = "<group>"; };
		BDED0BCA6B0E4D5386ED27FB /* DevBerth.app */ = {isa = PBXFileReference; explicitFileType = wrapper.application; includeInIndex = 0; path = DevBerth.app; sourceTree = BUILT_PRODUCTS_DIR; };
		C3DDE94D262FE7E5F2AB087A /* LaunchCoordinatorTests.swift */ = {isa = PBXFileReference; lastKnownFileType = sourcecode.swift; path = LaunchCoordinatorTests.swift; sourceTree = "<group>"; };
		C4C3F23F2B99866A79E60F74 /* SwiftDataStore.swift */ = {isa = PBXFileReference; lastKnownFileType = sourcecode.swift; path = SwiftDataStore.swift; sourceTree = "<group>"; };
		CB7B40447F86160175D976AE /* RestartTrustModels.swift */ = {isa = PBXFileReference; lastKnownFileType = sourcecode.swift; path = RestartTrustModels.swift; sourceTree = "<group>"; };
		D1C89CE483BCC512A37FCE6F /* RootView.swift */ = {isa = PBXFileReference; lastKnownFileType = sourcecode.swift; path = RootView.swift; sourceTree = "<group>"; };
		D96434C1697DBD20EDEFBE12 /* LsofFieldParserTests.swift */ = {isa = PBXFileReference; lastKnownFileType = sourcecode.swift; path = LsofFieldParserTests.swift; sourceTree = "<group>"; };
		DA59E3C9BBCAFC3EBC27FB06 /* ProductDataMigrationTests.swift */ = {isa = PBXFileReference; lastKnownFileType = sourcecode.swift; path = ProductDataMigrationTests.swift; sourceTree = "<group>"; };
		DB37034A78AFCE64BAEA1D84 /* ProjectDiscoveryModels.swift */ = {isa = PBXFileReference; lastKnownFileType = sourcecode.swift; path = ProjectDiscoveryModels.swift; sourceTree = "<group>"; };
		DDA2CD0E2906908AD73FE85E /* HistoryView.swift */ = {isa = PBXFileReference; lastKnownFileType = sourcecode.swift; path = HistoryView.swift; sourceTree = "<group>"; };
		DFD2065FE3FBAE1F295D1E1C /* OwnershipModels.swift */ = {isa = PBXFileReference; lastKnownFileType = sourcecode.swift; path = OwnershipModels.swift; sourceTree = "<group>"; };
		E5D787963156C51A4B2FE2F2 /* LifecycleModels.swift */ = {isa = PBXFileReference; lastKnownFileType = sourcecode.swift; path = LifecycleModels.swift; sourceTree = "<group>"; };
		E6E50D20A0E7D0617C12698C /* ProjectOrchestrator.swift */ = {isa = PBXFileReference; lastKnownFileType = sourcecode.swift; path = ProjectOrchestrator.swift; sourceTree = "<group>"; };
		E7DE9AFA59A86FDD0E83BF82 /* PersistentModels.swift */ = {isa = PBXFileReference; lastKnownFileType = sourcecode.swift; path = PersistentModels.swift; sourceTree = "<group>"; };
		E915152771EBB18742462365 /* SettingsView.swift */ = {isa = PBXFileReference; lastKnownFileType = sourcecode.swift; path = SettingsView.swift; sourceTree = "<group>"; };
		ECEC00B35D17D8881C2DF46C /* ProcessClassifier.swift */ = {isa = PBXFileReference; lastKnownFileType = sourcecode.swift; path = ProcessClassifier.swift; sourceTree = "<group>"; };
		ED4125EB37C4ED8228B07FD1 /* ProjectsView.swift */ = {isa = PBXFileReference; lastKnownFileType = sourcecode.swift; path = ProjectsView.swift; sourceTree = "<group>"; };
		F148689F29AC7554CCD97C85 /* Phase2PersistenceTests.swift */ = {isa = PBXFileReference; lastKnownFileType = sourcecode.swift; path = Phase2PersistenceTests.swift; sourceTree = "<group>"; };
		F3E5D53E26ADAEA01A8BFA8C /* LaunchProfilesView.swift */ = {isa = PBXFileReference; lastKnownFileType = sourcecode.swift; path = LaunchProfilesView.swift; sourceTree = "<group>"; };
		FB6E64683074F3FCCC37A19F /* lsof_udp.fields */ = {isa = PBXFileReference; path = lsof_udp.fields; sourceTree = "<group>"; };
		FC785A7D1CE69D53A040B082 /* HealthCheckTests.swift */ = {isa = PBXFileReference; lastKnownFileType = sourcecode.swift; path = HealthCheckTests.swift; sourceTree = "<group>"; };
		FCD92C1B0DE5DD2B05A6EE25 /* ManagedServiceTests.swift */ = {isa = PBXFileReference; lastKnownFileType = sourcecode.swift; path = ManagedServiceTests.swift; sourceTree = "<group>"; };
		FD129DF980FA6E6998E15197 /* ManagedServiceModels.swift */ = {isa = PBXFileReference; lastKnownFileType = sourcecode.swift; path = ManagedServiceModels.swift; sourceTree = "<group>"; };
		FE5DA8EEED2AE44D300F3389 /* SecurityAndLoggingTests.swift */ = {isa = PBXFileReference; lastKnownFileType = sourcecode.swift; path = SecurityAndLoggingTests.swift; sourceTree = "<group>"; };
/* End PBXFileReference section */

/* Begin PBXGroup section */
		02B017522EAEDC46B2C73BFF /* Features */ = {
			isa = PBXGroup;
			children = (
				E9FF09FB28EDED06F82E338E /* ActivePorts */,
				CE3D8423F5C70A12115F4E0A /* Docker */,
				5EFA6C96476B4EB8630F0847 /* History */,
				6DA24804FEEF57FDE436CCBD /* LaunchProfiles */,
				D1D1D613626D60F429B715BA /* MenuBar */,
				E841019276147BB95C8AC889 /* Overview */,
				4001E881B00139EB16AFCFD4 /* Projects */,
				7EEF9B2E3D6AE0A2C16E4C83 /* Settings */,
			);
			path = Features;
			sourceTree = "<group>";
		};
		05972D3272F5012CEF379518 /* Resources */ = {
			isa = PBXGroup;
			children = (
				854B52FA18C6757B9E2F6F4A /* Assets.xcassets */,
				2DA2F74734CDFBB518F472E5 /* DevBerth.entitlements */,
			);
			path = Resources;
			sourceTree = "<group>";
		};
		1C64F62E9781C7139AE3F84C /* HealthChecks */ = {
			isa = PBXGroup;
			children = (
				106925A3C19AA914FD8A6C8E /* HTTPHealthChecker.swift */,
			);
			path = HealthChecks;
			sourceTree = "<group>";
		};
		1D59AAA82D95AFDC45EEFDF2 /* Fixtures */ = {
			isa = PBXGroup;
			children = (
				1CAC55806EDB0182F79707CC /* lsof_tcp.fields */,
				FB6E64683074F3FCCC37A19F /* lsof_udp.fields */,
			);
			path = Fixtures;
			sourceTree = "<group>";
		};
		2190B4AA8E51E842924C5C1A /* Domain */ = {
			isa = PBXGroup;
			children = (
				8555175F66B159987858E32E /* AppError.swift */,
				0E611672C5ABD4799462FA7C /* HistoryModels.swift */,
				E5D787963156C51A4B2FE2F2 /* LifecycleModels.swift */,
				FD129DF980FA6E6998E15197 /* ManagedServiceModels.swift */,
				129DDEA3EB33CDF29BE2D394 /* ObservationModels.swift */,
				DFD2065FE3FBAE1F295D1E1C /* OwnershipModels.swift */,
				01B43A2EDCF87B1FCBE5C128 /* ProductIdentity.swift */,
				DB37034A78AFCE64BAEA1D84 /* ProjectDiscoveryModels.swift */,
				CB7B40447F86160175D976AE /* RestartTrustModels.swift */,
				095103FBC28B05553E66EB5D /* RuntimeModels.swift */,
				66A098D081B90C4B4A84DC0A /* SessionModels.swift */,
			);
			path = Domain;
			sourceTree = "<group>";
		};
		30E4842EEA61BF843B3D888B /* Services */ = {
			isa = PBXGroup;
			children = (
				B60293B6FA7E9809C5E36248 /* ServiceProtocols.swift */,
				F00FE5653E730B41C7C4A8D7 /* CommandExecution */,
				8DD15D7EC27B7B5EB2FC5EEB /* Docker */,
				1C64F62E9781C7139AE3F84C /* HealthChecks */,
				3715B5E68DCCB98B4EED61D1 /* Launching */,
				585A262E7A7165B8B6032B34 /* Logging */,
				CD425E14D04B8F644A842EDE /* Monitoring */,
				61EF8C499BA0240D01258798 /* ProcessControl */,
				E1543694E7BBDFD5D2CBD275 /* ProcessDiscovery */,
				FF59C3210679EBCEEB6CF12B /* Security */,
			);
			path = Services;
			sourceTree = "<group>";
		};
		3715B5E68DCCB98B4EED61D1 /* Launching */ = {
			isa = PBXGroup;
			children = (
				A3960E28AF5CD1076F1FC187 /* LaunchCoordinator.swift */,
				8B63A7B6CB927DB17C1D18AE /* ManagedProcessLauncher.swift */,
				E6E50D20A0E7D0617C12698C /* ProjectOrchestrator.swift */,
			);
			path = Launching;
			sourceTree = "<group>";
		};
		4001E881B00139EB16AFCFD4 /* Projects */ = {
			isa = PBXGroup;
			children = (
				ED4125EB37C4ED8228B07FD1 /* ProjectsView.swift */,
			);
			path = Projects;
			sourceTree = "<group>";
		};
		53C025280A0BF50605DECD45 = {
			isa = PBXGroup;
			children = (
				F5645346276381F254213CC8 /* DevBerth */,
				D0E0D13D0CD1670AA14A4124 /* DevBerthIntegrationTests */,
				BA7A3A65BABB63328E06CF88 /* DevBerthTests */,
				6031F30AF373476ECAFEC79E /* Fixtures */,
				63837065E0CF890A9FA2988B /* Products */,
			);
			sourceTree = "<group>";
		};
		585A262E7A7165B8B6032B34 /* Logging */ = {
			isa = PBXGroup;
			children = (
				1067AA0481A27FE05023A947 /* DevBerthLogger.swift */,
				83F2B73EBEA11C532AEF63A0 /* DiagnosticsReportBuilder.swift */,
			);
			path = Logging;
			sourceTree = "<group>";
		};
		5EFA6C96476B4EB8630F0847 /* History */ = {
			isa = PBXGroup;
			children = (
				DDA2CD0E2906908AD73FE85E /* HistoryView.swift */,
			);
			path = History;
			sourceTree = "<group>";
		};
		6031F30AF373476ECAFEC79E /* Fixtures */ = {
			isa = PBXGroup;
			children = (
				B64CE41FDCF28EF30CF8764A /* http_fixture.py */,
				A526150CBE5099F1EF0D7DE0 /* multi_port_fixture.py */,
			);
			path = Fixtures;
			sourceTree = "<group>";
		};
		61EF8C499BA0240D01258798 /* ProcessControl */ = {
			isa = PBXGroup;
			children = (
				4B1BC53E46D2D994B3E224D5 /* ProcessIdentityVerifier.swift */,
				AACCDD763B36B6FC4D4CECC4 /* SafeProcessController.swift */,
				1817AFDC3300D91000276616 /* TerminationStateMachine.swift */,
			);
			path = ProcessControl;
			sourceTree = "<group>";
		};
		63837065E0CF890A9FA2988B /* Products */ = {
			isa = PBXGroup;
			children = (
				BDED0BCA6B0E4D5386ED27FB /* DevBerth.app */,
				3F77E2A153CA50C2C8A5EAA6 /* DevBerthIntegrationTests.xctest */,
				78B34E56EB01276150B038E2 /* DevBerthTests.xctest */,
			);
			name = Products;
			sourceTree = "<group>";
		};
		6DA24804FEEF57FDE436CCBD /* LaunchProfiles */ = {
			isa = PBXGroup;
			children = (
				F3E5D53E26ADAEA01A8BFA8C /* LaunchProfilesView.swift */,
				A0EAB8131C3E48474673FA74 /* ProfileLogsView.swift */,
			);
			path = LaunchProfiles;
			sourceTree = "<group>";
		};
		7EEF9B2E3D6AE0A2C16E4C83 /* Settings */ = {
			isa = PBXGroup;
			children = (
				E915152771EBB18742462365 /* SettingsView.swift */,
			);
			path = Settings;
			sourceTree = "<group>";
		};
		8DD15D7EC27B7B5EB2FC5EEB /* Docker */ = {
			isa = PBXGroup;
			children = (
				150E72F36AB6C2577A8C22A9 /* DockerAssociationProvider.swift */,
				6D97877AC906205957A6C8A9 /* DockerCLIClient.swift */,
				A78D7D1A2732D94FE7AC87EC /* DockerModels.swift */,
			);
			path = Docker;
			sourceTree = "<group>";
		};
		9F0898ED945B8A3356EE6076 /* SharedUI */ = {
			isa = PBXGroup;
			children = (
				403A40D3191E8EE9A71BCCF8 /* CommandPaletteView.swift */,
				172D267BDF4FFC28F247C9BC /* DesignSystem.swift */,
			);
			path = SharedUI;
			sourceTree = "<group>";
		};
		A84A08CBF1960C9AFC0FF88F /* App */ = {
			isa = PBXGroup;
			children = (
				996099AC5AF505DEBBF80B04 /* AppModel.swift */,
				3C85578D426577657D7953F3 /* DevBerthApp.swift */,
				D1C89CE483BCC512A37FCE6F /* RootView.swift */,
			);
			path = App;
			sourceTree = "<group>";
		};
		BA7A3A65BABB63328E06CF88 /* DevBerthTests */ = {
			isa = PBXGroup;
			children = (
				9B9AC72B7125A6F0F3BF2329 /* DockerTests.swift */,
				FC785A7D1CE69D53A040B082 /* HealthCheckTests.swift */,
				6D064E5E26BFD836A5F824A5 /* KeychainMigrationTests.swift */,
				C3DDE94D262FE7E5F2AB087A /* LaunchCoordinatorTests.swift */,
				D96434C1697DBD20EDEFBE12 /* LsofFieldParserTests.swift */,
				FCD92C1B0DE5DD2B05A6EE25 /* ManagedServiceTests.swift */,
				685AE2D075F6DC31E9CAAB54 /* PersistenceTests.swift */,
				F148689F29AC7554CCD97C85 /* Phase2PersistenceTests.swift */,
				2836D26D412DF4A5D6C435CE /* ProcessSafetyTests.swift */,
				DA59E3C9BBCAFC3EBC27FB06 /* ProductDataMigrationTests.swift */,
				AE18BA5698BF0E0B1A10DCD4 /* ProjectInfererTests.swift */,
				4AA688D4DBA71F83FD6A72BB /* RuntimeAndClassificationTests.swift */,
				FE5DA8EEED2AE44D300F3389 /* SecurityAndLoggingTests.swift */,
				7CF5D6D125D6194F1977461E /* TestSupport.swift */,
				1D59AAA82D95AFDC45EEFDF2 /* Fixtures */,
			);
			path = DevBerthTests;
			sourceTree = "<group>";
		};
		CD425E14D04B8F644A842EDE /* Monitoring */ = {
			isa = PBXGroup;
			children = (
				8107B48A7BB4AA5F8A2F9AAD /* LocalNotificationService.swift */,
				4987E53746BE874B98C793B2 /* PortMonitor.swift */,
			);
			path = Monitoring;
			sourceTree = "<group>";
		};
		CE3D8423F5C70A12115F4E0A /* Docker */ = {
			isa = PBXGroup;
			children = (
				12FB87E39B521ED6937502C4 /* DockerView.swift */,
			);
			path = Docker;
			sourceTree = "<group>";
		};
		D0E0D13D0CD1670AA14A4124 /* DevBerthIntegrationTests */ = {
			isa = PBXGroup;
			children = (
				25F467C90F276E40C4550FAC /* HarmlessListenerIntegrationTests.swift */,
			);
			path = DevBerthIntegrationTests;
			sourceTree = "<group>";
		};
		D1D1D613626D60F429B715BA /* MenuBar */ = {
			isa = PBXGroup;
			children = (
				09908791980E99623C212B2E /* MenuBarView.swift */,
			);
			path = MenuBar;
			sourceTree = "<group>";
		};
		D95C4FD22389B175283BDB6C /* Utilities */ = {
			isa = PBXGroup;
			children = (
				3FDAF0A189722036850B2DD4 /* ShellEscaper.swift */,
			);
			path = Utilities;
			sourceTree = "<group>";
		};
		E1543694E7BBDFD5D2CBD275 /* ProcessDiscovery */ = {
			isa = PBXGroup;
			children = (
				1B1F87145BEAF4FCCD45701C /* LocalPortDiscovery.swift */,
				86686FD53004C1D8AECD25E2 /* LsofFieldParser.swift */,
				ECEC00B35D17D8881C2DF46C /* ProcessClassifier.swift */,
				9B8BCE677521AA6E288AE533 /* ProcessMetadataProvider.swift */,
				163E0483F03524B1EBF291C2 /* ProjectInferer.swift */,
			);
			path = ProcessDiscovery;
			sourceTree = "<group>";
		};
		E841019276147BB95C8AC889 /* Overview */ = {
			isa = PBXGroup;
			children = (
				8D4DEAD085C36875EDADDF3D /* OverviewView.swift */,
			);
			path = Overview;
			sourceTree = "<group>";
		};
		E9FF09FB28EDED06F82E338E /* ActivePorts */ = {
			isa = PBXGroup;
			children = (
				8725BE07E983E6E7233CCB1D /* ActivePortsView.swift */,
			);
			path = ActivePorts;
			sourceTree = "<group>";
		};
		F00FE5653E730B41C7C4A8D7 /* CommandExecution */ = {
			isa = PBXGroup;
			children = (
				78CEF95783200B823B75E8C5 /* FoundationCommandRunner.swift */,
			);
			path = CommandExecution;
			sourceTree = "<group>";
		};
		F3CD4C6BBA3C7E3E10285F8C /* Persistence */ = {
			isa = PBXGroup;
			children = (
				3E0E81383A1A22046B843794 /* LaunchProfileRecord+Domain.swift */,
				E7DE9AFA59A86FDD0E83BF82 /* PersistentModels.swift */,
				B8ABD88DC29F2A1E8D26EDD2 /* PersistentModelsV2.swift */,
				2BBACA958931EDE98D0E04D2 /* ProductDataMigrator.swift */,
				C4C3F23F2B99866A79E60F74 /* SwiftDataStore.swift */,
			);
			path = Persistence;
			sourceTree = "<group>";
		};
		F5645346276381F254213CC8 /* DevBerth */ = {
			isa = PBXGroup;
			children = (
				A84A08CBF1960C9AFC0FF88F /* App */,
				2190B4AA8E51E842924C5C1A /* Domain */,
				02B017522EAEDC46B2C73BFF /* Features */,
				F3CD4C6BBA3C7E3E10285F8C /* Persistence */,
				05972D3272F5012CEF379518 /* Resources */,
				30E4842EEA61BF843B3D888B /* Services */,
				9F0898ED945B8A3356EE6076 /* SharedUI */,
				D95C4FD22389B175283BDB6C /* Utilities */,
			);
			path = DevBerth;
			sourceTree = "<group>";
		};
		FF59C3210679EBCEEB6CF12B /* Security */ = {
			isa = PBXGroup;
			children = (
				1A4E35A45E34E86F62603B27 /* KeychainSecretStore.swift */,
			);
			path = Security;
			sourceTree = "<group>";
		};
/* End PBXGroup section */

/* Begin PBXNativeTarget section */
		5BE5A6A0C4D8DFCF850AC215 /* DevBerth */ = {
			isa = PBXNativeTarget;
			buildConfigurationList = 87C5CB343E95031C8B4131EF /* Build configuration list for PBXNativeTarget "DevBerth" */;
			buildPhases = (
				828F66B257D012237524CB5A /* Sources */,
				FE40FFBF77D152A80253583F /* Resources */,
			);
			buildRules = (
			);
			dependencies = (
			);
			name = DevBerth;
			packageProductDependencies = (
			);
			productName = DevBerth;
			productReference = BDED0BCA6B0E4D5386ED27FB /* DevBerth.app */;
			productType = "com.apple.product-type.application";
		};
		789F8FA403B4E5E519312A0A /* DevBerthIntegrationTests */ = {
			isa = PBXNativeTarget;
			buildConfigurationList = ABC672774BE21B42D93FAE7F /* Build configuration list for PBXNativeTarget "DevBerthIntegrationTests" */;
			buildPhases = (
				74EC869D16185440A101E277 /* Sources */,
				0FC668C80EAE4FB6E283AD22 /* Resources */,
			);
			buildRules = (
			);
			dependencies = (
				ABFA446E7E9A633A86D093D0 /* PBXTargetDependency */,
			);
			name = DevBerthIntegrationTests;
			packageProductDependencies = (
			);
			productName = DevBerthIntegrationTests;
			productReference = 3F77E2A153CA50C2C8A5EAA6 /* DevBerthIntegrationTests.xctest */;
			productType = "com.apple.product-type.bundle.unit-test";
		};
		F34A79B9329B13F565F41860 /* DevBerthTests */ = {
			isa = PBXNativeTarget;
			buildConfigurationList = C0AD6A6652D2319E3ACD2344 /* Build configuration list for PBXNativeTarget "DevBerthTests" */;
			buildPhases = (
				84563041AD0DAA98DE13D865 /* Sources */,
				BA37B8703546F50758F5DF65 /* Resources */,
			);
			buildRules = (
			);
			dependencies = (
				6E6175F20A00246DA5AD2F24 /* PBXTargetDependency */,
			);
			name = DevBerthTests;
			packageProductDependencies = (
			);
			productName = DevBerthTests;
			productReference = 78B34E56EB01276150B038E2 /* DevBerthTests.xctest */;
			productType = "com.apple.product-type.bundle.unit-test";
		};
/* End PBXNativeTarget section */

/* Begin PBXProject section */
		9A130C13C933A691EE61D7D1 /* Project object */ = {
			isa = PBXProject;
			attributes = {
				BuildIndependentTargetsInParallel = YES;
				LastUpgradeCheck = 1430;
				TargetAttributes = {
					5BE5A6A0C4D8DFCF850AC215 = {
						DevelopmentTeam = "";
						ProvisioningStyle = Automatic;
					};
					789F8FA403B4E5E519312A0A = {
						DevelopmentTeam = "";
						ProvisioningStyle = Automatic;
					};
					F34A79B9329B13F565F41860 = {
						DevelopmentTeam = "";
						ProvisioningStyle = Automatic;
					};
				};
			};
			buildConfigurationList = D2C64A6C496D2B38A0FCED4A /* Build configuration list for PBXProject "DevBerth" */;
			developmentRegion = en;
			hasScannedForEncodings = 0;
			knownRegions = (
				Base,
				en,
			);
			mainGroup = 53C025280A0BF50605DECD45;
			minimizedProjectReferenceProxies = 1;
			preferredProjectObjectVersion = 77;
			productRefGroup = 63837065E0CF890A9FA2988B /* Products */;
			projectDirPath = "";
			projectRoot = "";
			targets = (
				5BE5A6A0C4D8DFCF850AC215 /* DevBerth */,
				F34A79B9329B13F565F41860 /* DevBerthTests */,
				789F8FA403B4E5E519312A0A /* DevBerthIntegrationTests */,
			);
		};
/* End PBXProject section */

/* Begin PBXResourcesBuildPhase section */
		0FC668C80EAE4FB6E283AD22 /* Resources */ = {
			isa = PBXResourcesBuildPhase;
			buildActionMask = 2147483647;
			files = (
				339E36B428832E182159D439 /* http_fixture.py in Resources */,
				6CD6AE2C3269DFB2FD1F291F /* multi_port_fixture.py in Resources */,
			);
			runOnlyForDeploymentPostprocessing = 0;
		};
		BA37B8703546F50758F5DF65 /* Resources */ = {
			isa = PBXResourcesBuildPhase;
			buildActionMask = 2147483647;
			files = (
				FCD6D0882232E7FADA8713C6 /* lsof_tcp.fields in Resources */,
				10C3ACE1EDBCBB2DC7692DCC /* lsof_udp.fields in Resources */,
			);
			runOnlyForDeploymentPostprocessing = 0;
		};
		FE40FFBF77D152A80253583F /* Resources */ = {
			isa = PBXResourcesBuildPhase;
			buildActionMask = 2147483647;
			files = (
				B82FA5BFCA917D72ACC3DED6 /* Assets.xcassets in Resources */,
			);
			runOnlyForDeploymentPostprocessing = 0;
		};
/* End PBXResourcesBuildPhase section */

/* Begin PBXSourcesBuildPhase section */
		74EC869D16185440A101E277 /* Sources */ = {
			isa = PBXSourcesBuildPhase;
			buildActionMask = 2147483647;
			files = (
				2F6149F28827459B44F86A4C /* HarmlessListenerIntegrationTests.swift in Sources */,
			);
			runOnlyForDeploymentPostprocessing = 0;
		};
		828F66B257D012237524CB5A /* Sources */ = {
			isa = PBXSourcesBuildPhase;
			buildActionMask = 2147483647;
			files = (
				A09979F851CD90DF4CD9B14F /* ActivePortsView.swift in Sources */,
				29987D5F90E4E2F18D7645CA /* AppError.swift in Sources */,
				14DAEE1DD2443A28A8825CC4 /* AppModel.swift in Sources */,
				A3916D1FF2F74D6FEBDCA8F8 /* CommandPaletteView.swift in Sources */,
				14C750B212F0A1BDD7323551 /* DesignSystem.swift in Sources */,
				966EB287D49A434179F0C2EB /* DevBerthApp.swift in Sources */,
				FCF37EA1EC6D2D06C46FDDF7 /* DevBerthLogger.swift in Sources */,
				DAA7CCDB0C84018EDB75962A /* DiagnosticsReportBuilder.swift in Sources */,
				A076E3489901D7B7159CC7BC /* DockerAssociationProvider.swift in Sources */,
				1B0D10E3DEB2DB4F900AE56D /* DockerCLIClient.swift in Sources */,
				5CA54D85C793D6376AC580D7 /* DockerModels.swift in Sources */,
				026E832E6BCC5A340778A8FC /* DockerView.swift in Sources */,
				4A2B46BA7AE3180B4A110A8E /* FoundationCommandRunner.swift in Sources */,
				7FC22B2A01C124E7BE5D0F2B /* HTTPHealthChecker.swift in Sources */,
				68AAE3743CB1E56AA4E2234F /* HistoryModels.swift in Sources */,
				1BE1F87E19498B6F6FF4643F /* HistoryView.swift in Sources */,
				AF98D409ED0760A5F7DBE69B /* KeychainSecretStore.swift in Sources */,
				D09B61B1CF5E8F8FA30734F5 /* LaunchCoordinator.swift in Sources */,
				DF2B75278BA00F4012C527A4 /* LaunchProfileRecord+Domain.swift in Sources */,
				66DE3EA6286B21F8B1CE07E3 /* LaunchProfilesView.swift in Sources */,
				B318FEE0CA02452EB0F2D640 /* LifecycleModels.swift in Sources */,
				F14884E8E2A2ABD4C0B29DA2 /* LocalNotificationService.swift in Sources */,
				8B6E683467E88FA2D1606141 /* LocalPortDiscovery.swift in Sources */,
				ACAD6B504C1B9CA19A20F64E /* LsofFieldParser.swift in Sources */,
				4E27607B4D04718489029189 /* ManagedProcessLauncher.swift in Sources */,
				4858F56C3C193BA2C67ECFBF /* ManagedServiceModels.swift in Sources */,
				3CA5BA103744C4F94C520C7E /* MenuBarView.swift in Sources */,
				EBC532BE0B28337BA147A07E /* ObservationModels.swift in Sources */,
				13E91849FB34B8BF5564C194 /* OverviewView.swift in Sources */,
				C32AE5AD6EFAB7B982ED649E /* OwnershipModels.swift in Sources */,
				8126BBFD7328CB533EC01E5F /* PersistentModels.swift in Sources */,
				BBC0CB99DAC609967629F47B /* PersistentModelsV2.swift in Sources */,
				BD4519287C0A3B915A935E97 /* PortMonitor.swift in Sources */,
				CA990933C54365E663D73657 /* ProcessClassifier.swift in Sources */,
				C20B3CB7562A8E91042096EA /* ProcessIdentityVerifier.swift in Sources */,
				860C81C5EA2838923BBFEAB5 /* ProcessMetadataProvider.swift in Sources */,
				381783E9FC7AA375C496168B /* ProductDataMigrator.swift in Sources */,
				F7A3452DD487E67357A98017 /* ProductIdentity.swift in Sources */,
				DB303049EE00F34FCE1273C6 /* ProfileLogsView.swift in Sources */,
				96B417891DCF0D7B100C98C6 /* ProjectDiscoveryModels.swift in Sources */,
				87086294CA840C789FD855FA /* ProjectInferer.swift in Sources */,
				5023DB32245FF535307408E3 /* ProjectOrchestrator.swift in Sources */,
				D79FAF020192B0010BDA2D0D /* ProjectsView.swift in Sources */,
				CEE2116FFFEDC64EAAB5ACF5 /* RestartTrustModels.swift in Sources */,
				37BAE00F14CAB71A9E4E3011 /* RootView.swift in Sources */,
				4983C1F94559B66461CA2AD1 /* RuntimeModels.swift in Sources */,
				8981D7C9462A3A00F971679B /* SafeProcessController.swift in Sources */,
				BB4C241AD329B1AA3C131728 /* ServiceProtocols.swift in Sources */,
				6F8B9DCD943AEB354409FFD1 /* SessionModels.swift in Sources */,
				307995E1C52D9BED607CBE41 /* SettingsView.swift in Sources */,
				95A54C730701C8270F02C2BC /* ShellEscaper.swift in Sources */,
				902896C5F64C78F6B584CEEA /* SwiftDataStore.swift in Sources */,
				FAAF0AF480B39C38355C5A53 /* TerminationStateMachine.swift in Sources */,
			);
			runOnlyForDeploymentPostprocessing = 0;
		};
		84563041AD0DAA98DE13D865 /* Sources */ = {
			isa = PBXSourcesBuildPhase;
			buildActionMask = 2147483647;
			files = (
				F4E5FE5BF85B5DFEF5D893EE /* DockerTests.swift in Sources */,
				7ECFF41AF02D51CC2B09C5DE /* HealthCheckTests.swift in Sources */,
				253D073B0A48BFFD46CC12DC /* KeychainMigrationTests.swift in Sources */,
				6BE31D64294D563492D46FEC /* LaunchCoordinatorTests.swift in Sources */,
				39322320848A511B859B3725 /* LsofFieldParserTests.swift in Sources */,
				EA10F0597CF288E155FF13B3 /* ManagedServiceTests.swift in Sources */,
				D35CEBB1F0AD4FA041C901AF /* PersistenceTests.swift in Sources */,
				BF6BAF31F6191695D8DC28A4 /* Phase2PersistenceTests.swift in Sources */,
				E475F13CE2E6DCFCEFDEBA8E /* ProcessSafetyTests.swift in Sources */,
				337D4EBBF3BCD7A396E04B81 /* ProductDataMigrationTests.swift in Sources */,
				5A0128E0565D237AF00EC95E /* ProjectInfererTests.swift in Sources */,
				1AF40EE5F31D28AEADAB43BC /* RuntimeAndClassificationTests.swift in Sources */,
				747A056DC4B87FCE61F5E540 /* SecurityAndLoggingTests.swift in Sources */,
				438E73B6BB64889704C8B2C6 /* TestSupport.swift in Sources */,
			);
			runOnlyForDeploymentPostprocessing = 0;
		};
/* End PBXSourcesBuildPhase section */

/* Begin PBXTargetDependency section */
		6E6175F20A00246DA5AD2F24 /* PBXTargetDependency */ = {
			isa = PBXTargetDependency;
			target = 5BE5A6A0C4D8DFCF850AC215 /* DevBerth */;
			targetProxy = C7878DFE5A36F8DC7BC59CD5 /* PBXContainerItemProxy */;
		};
		ABFA446E7E9A633A86D093D0 /* PBXTargetDependency */ = {
			isa = PBXTargetDependency;
			target = 5BE5A6A0C4D8DFCF850AC215 /* DevBerth */;
			targetProxy = 3EF6D76B8726F5471AEC4837 /* PBXContainerItemProxy */;
		};
/* End PBXTargetDependency section */

/* Begin XCBuildConfiguration section */
		3399E0FD39CE2FCA5CEC2D79 /* Release */ = {
			isa = XCBuildConfiguration;
			buildSettings = {
				ALWAYS_SEARCH_USER_PATHS = NO;
				CLANG_ANALYZER_LOCALIZABILITY_NONLOCALIZED = YES;
				CLANG_ANALYZER_NONNULL = YES;
				CLANG_ANALYZER_NUMBER_OBJECT_CONVERSION = YES_AGGRESSIVE;
				CLANG_CXX_LANGUAGE_STANDARD = "gnu++14";
				CLANG_CXX_LIBRARY = "libc++";
				CLANG_ENABLE_MODULES = YES;
				CLANG_ENABLE_OBJC_ARC = YES;
				CLANG_ENABLE_OBJC_WEAK = YES;
				CLANG_WARN_BLOCK_CAPTURE_AUTORELEASING = YES;
				CLANG_WARN_BOOL_CONVERSION = YES;
				CLANG_WARN_COMMA = YES;
				CLANG_WARN_CONSTANT_CONVERSION = YES;
				CLANG_WARN_DEPRECATED_OBJC_IMPLEMENTATIONS = YES;
				CLANG_WARN_DIRECT_OBJC_ISA_USAGE = YES_ERROR;
				CLANG_WARN_DOCUMENTATION_COMMENTS = YES;
				CLANG_WARN_EMPTY_BODY = YES;
				CLANG_WARN_ENUM_CONVERSION = YES;
				CLANG_WARN_INFINITE_RECURSION = YES;
				CLANG_WARN_INT_CONVERSION = YES;
				CLANG_WARN_NON_LITERAL_NULL_CONVERSION = YES;
				CLANG_WARN_OBJC_IMPLICIT_RETAIN_SELF = YES;
				CLANG_WARN_OBJC_LITERAL_CONVERSION = YES;
				CLANG_WARN_OBJC_ROOT_CLASS = YES_ERROR;
				CLANG_WARN_QUOTED_INCLUDE_IN_FRAMEWORK_HEADER = YES;
				CLANG_WARN_RANGE_LOOP_ANALYSIS = YES;
				CLANG_WARN_STRICT_PROTOTYPES = YES;
				CLANG_WARN_SUSPICIOUS_MOVE = YES;
				CLANG_WARN_UNGUARDED_AVAILABILITY = YES_AGGRESSIVE;
				CLANG_WARN_UNREACHABLE_CODE = YES;
				CLANG_WARN__DUPLICATE_METHOD_MATCH = YES;
				CODE_SIGN_STYLE = Automatic;
				COPY_PHASE_STRIP = NO;
				CURRENT_PROJECT_VERSION = 1;
				DEBUG_INFORMATION_FORMAT = "dwarf-with-dsym";
				DEVELOPMENT_TEAM = "";
				ENABLE_NS_ASSERTIONS = NO;
				ENABLE_STRICT_OBJC_MSGSEND = YES;
				ENABLE_USER_SCRIPT_SANDBOXING = YES;
				GCC_C_LANGUAGE_STANDARD = gnu11;
				GCC_NO_COMMON_BLOCKS = YES;
				GCC_TREAT_WARNINGS_AS_ERRORS = YES;
				GCC_WARN_64_TO_32_BIT_CONVERSION = YES;
				GCC_WARN_ABOUT_RETURN_TYPE = YES_ERROR;
				GCC_WARN_UNDECLARED_SELECTOR = YES;
				GCC_WARN_UNINITIALIZED_AUTOS = YES_AGGRESSIVE;
				GCC_WARN_UNUSED_FUNCTION = YES;
				GCC_WARN_UNUSED_VARIABLE = YES;
				MACOSX_DEPLOYMENT_TARGET = 14.0;
				MARKETING_VERSION = 0.1.0;
				MTL_ENABLE_DEBUG_INFO = NO;
				MTL_FAST_MATH = YES;
				PRODUCT_NAME = "$(TARGET_NAME)";
				SDKROOT = macosx;
				SWIFT_COMPILATION_MODE = wholemodule;
				SWIFT_OPTIMIZATION_LEVEL = "-O";
				SWIFT_TREAT_WARNINGS_AS_ERRORS = YES;
				SWIFT_VERSION = 5.0;
			};
			name = Release;
		};
		391AD73AE8FAD848036AFC7C /* Release */ = {
			isa = XCBuildConfiguration;
			buildSettings = {
				BUNDLE_LOADER = "$(TEST_HOST)";
				COMBINE_HIDPI_IMAGES = YES;
				GENERATE_INFOPLIST_FILE = YES;
				LD_RUNPATH_SEARCH_PATHS = (
					"$(inherited)",
					"@executable_path/../Frameworks",
					"@loader_path/../Frameworks",
				);
				PRODUCT_BUNDLE_IDENTIFIER = "com.ysbc.devberth.integration-tests";
				SDKROOT = macosx;
				TEST_HOST = "$(BUILT_PRODUCTS_DIR)/DevBerth.app/Contents/MacOS/DevBerth";
			};
			name = Release;
		};
		40770F7A36D574715681B035 /* Debug */ = {
			isa = XCBuildConfiguration;
			buildSettings = {
				ALWAYS_SEARCH_USER_PATHS = NO;
				CLANG_ANALYZER_LOCALIZABILITY_NONLOCALIZED = YES;
				CLANG_ANALYZER_NONNULL = YES;
				CLANG_ANALYZER_NUMBER_OBJECT_CONVERSION = YES_AGGRESSIVE;
				CLANG_CXX_LANGUAGE_STANDARD = "gnu++14";
				CLANG_CXX_LIBRARY = "libc++";
				CLANG_ENABLE_MODULES = YES;
				CLANG_ENABLE_OBJC_ARC = YES;
				CLANG_ENABLE_OBJC_WEAK = YES;
				CLANG_WARN_BLOCK_CAPTURE_AUTORELEASING = YES;
				CLANG_WARN_BOOL_CONVERSION = YES;
				CLANG_WARN_COMMA = YES;
				CLANG_WARN_CONSTANT_CONVERSION = YES;
				CLANG_WARN_DEPRECATED_OBJC_IMPLEMENTATIONS = YES;
				CLANG_WARN_DIRECT_OBJC_ISA_USAGE = YES_ERROR;
				CLANG_WARN_DOCUMENTATION_COMMENTS = YES;
				CLANG_WARN_EMPTY_BODY = YES;
				CLANG_WARN_ENUM_CONVERSION = YES;
				CLANG_WARN_INFINITE_RECURSION = YES;
				CLANG_WARN_INT_CONVERSION = YES;
				CLANG_WARN_NON_LITERAL_NULL_CONVERSION = YES;
				CLANG_WARN_OBJC_IMPLICIT_RETAIN_SELF = YES;
				CLANG_WARN_OBJC_LITERAL_CONVERSION = YES;
				CLANG_WARN_OBJC_ROOT_CLASS = YES_ERROR;
				CLANG_WARN_QUOTED_INCLUDE_IN_FRAMEWORK_HEADER = YES;
				CLANG_WARN_RANGE_LOOP_ANALYSIS = YES;
				CLANG_WARN_STRICT_PROTOTYPES = YES;
				CLANG_WARN_SUSPICIOUS_MOVE = YES;
				CLANG_WARN_UNGUARDED_AVAILABILITY = YES_AGGRESSIVE;
				CLANG_WARN_UNREACHABLE_CODE = YES;
				CLANG_WARN__DUPLICATE_METHOD_MATCH = YES;
				CODE_SIGN_STYLE = Automatic;
				COPY_PHASE_STRIP = NO;
				CURRENT_PROJECT_VERSION = 1;
				DEBUG_INFORMATION_FORMAT = dwarf;
				DEVELOPMENT_TEAM = "";
				ENABLE_STRICT_OBJC_MSGSEND = YES;
				ENABLE_TESTABILITY = YES;
				ENABLE_USER_SCRIPT_SANDBOXING = YES;
				GCC_C_LANGUAGE_STANDARD = gnu11;
				GCC_DYNAMIC_NO_PIC = NO;
				GCC_NO_COMMON_BLOCKS = YES;
				GCC_OPTIMIZATION_LEVEL = 0;
				GCC_PREPROCESSOR_DEFINITIONS = (
					"$(inherited)",
					"DEBUG=1",
				);
				GCC_TREAT_WARNINGS_AS_ERRORS = YES;
				GCC_WARN_64_TO_32_BIT_CONVERSION = YES;
				GCC_WARN_ABOUT_RETURN_TYPE = YES_ERROR;
				GCC_WARN_UNDECLARED_SELECTOR = YES;
				GCC_WARN_UNINITIALIZED_AUTOS = YES_AGGRESSIVE;
				GCC_WARN_UNUSED_FUNCTION = YES;
				GCC_WARN_UNUSED_VARIABLE = YES;
				MACOSX_DEPLOYMENT_TARGET = 14.0;
				MARKETING_VERSION = 0.1.0;
				MTL_ENABLE_DEBUG_INFO = INCLUDE_SOURCE;
				MTL_FAST_MATH = YES;
				ONLY_ACTIVE_ARCH = YES;
				PRODUCT_NAME = "$(TARGET_NAME)";
				SDKROOT = macosx;
				SWIFT_ACTIVE_COMPILATION_CONDITIONS = DEBUG;
				SWIFT_OPTIMIZATION_LEVEL = "-Onone";
				SWIFT_TREAT_WARNINGS_AS_ERRORS = YES;
				SWIFT_VERSION = 5.0;
			};
			name = Debug;
		};
		61714A27832DC0CBA76B311B /* Debug */ = {
			isa = XCBuildConfiguration;
			buildSettings = {
				BUNDLE_LOADER = "$(TEST_HOST)";
				COMBINE_HIDPI_IMAGES = YES;
				GENERATE_INFOPLIST_FILE = YES;
				LD_RUNPATH_SEARCH_PATHS = (
					"$(inherited)",
					"@executable_path/../Frameworks",
					"@loader_path/../Frameworks",
				);
				PRODUCT_BUNDLE_IDENTIFIER = "com.ysbc.devberth.integration-tests";
				SDKROOT = macosx;
				TEST_HOST = "$(BUILT_PRODUCTS_DIR)/DevBerth.app/Contents/MacOS/DevBerth";
			};
			name = Debug;
		};
		A0B8993FEC6792BE374242B1 /* Release */ = {
			isa = XCBuildConfiguration;
			buildSettings = {
				ASSETCATALOG_COMPILER_APPICON_NAME = AppIcon;
				CODE_SIGN_ENTITLEMENTS = DevBerth/Resources/DevBerth.entitlements;
				COMBINE_HIDPI_IMAGES = YES;
				ENABLE_APP_SANDBOX = NO;
				ENABLE_HARDENED_RUNTIME = YES;
				GENERATE_INFOPLIST_FILE = YES;
				INFOPLIST_KEY_CFBundleDisplayName = DevBerth;
				INFOPLIST_KEY_LSApplicationCategoryType = "public.app-category.developer-tools";
				INFOPLIST_KEY_LSMinimumSystemVersion = 14.0;
				INFOPLIST_KEY_NSHumanReadableCopyright = "Copyright © 2026 DevBerth contributors.";
				LD_RUNPATH_SEARCH_PATHS = (
					"$(inherited)",
					"@executable_path/../Frameworks",
				);
				PRODUCT_BUNDLE_IDENTIFIER = com.ysbc.devberth;
				PRODUCT_NAME = DevBerth;
				SDKROOT = macosx;
			};
			name = Release;
		};
		A243F3EB6B83688AA550B341 /* Debug */ = {
			isa = XCBuildConfiguration;
			buildSettings = {
				ASSETCATALOG_COMPILER_APPICON_NAME = AppIcon;
				CODE_SIGN_ENTITLEMENTS = DevBerth/Resources/DevBerth.entitlements;
				COMBINE_HIDPI_IMAGES = YES;
				ENABLE_APP_SANDBOX = NO;
				ENABLE_HARDENED_RUNTIME = YES;
				GENERATE_INFOPLIST_FILE = YES;
				INFOPLIST_KEY_CFBundleDisplayName = DevBerth;
				INFOPLIST_KEY_LSApplicationCategoryType = "public.app-category.developer-tools";
				INFOPLIST_KEY_LSMinimumSystemVersion = 14.0;
				INFOPLIST_KEY_NSHumanReadableCopyright = "Copyright © 2026 DevBerth contributors.";
				LD_RUNPATH_SEARCH_PATHS = (
					"$(inherited)",
					"@executable_path/../Frameworks",
				);
				PRODUCT_BUNDLE_IDENTIFIER = com.ysbc.devberth;
				PRODUCT_NAME = DevBerth;
				SDKROOT = macosx;
			};
			name = Debug;
		};
		B6E0E71F20EB5A5E410DDCCE /* Debug */ = {
			isa = XCBuildConfiguration;
			buildSettings = {
				BUNDLE_LOADER = "$(TEST_HOST)";
				COMBINE_HIDPI_IMAGES = YES;
				GENERATE_INFOPLIST_FILE = YES;
				LD_RUNPATH_SEARCH_PATHS = (
					"$(inherited)",
					"@executable_path/../Frameworks",
					"@loader_path/../Frameworks",
				);
				PRODUCT_BUNDLE_IDENTIFIER = com.ysbc.devberth.tests;
				SDKROOT = macosx;
				TEST_HOST = "$(BUILT_PRODUCTS_DIR)/DevBerth.app/Contents/MacOS/DevBerth";
			};
			name = Debug;
		};
		D99400AF10241F7C81BC3144 /* Release */ = {
			isa = XCBuildConfiguration;
			buildSettings = {
				BUNDLE_LOADER = "$(TEST_HOST)";
				COMBINE_HIDPI_IMAGES = YES;
				GENERATE_INFOPLIST_FILE = YES;
				LD_RUNPATH_SEARCH_PATHS = (
					"$(inherited)",
					"@executable_path/../Frameworks",
					"@loader_path/../Frameworks",
				);
				PRODUCT_BUNDLE_IDENTIFIER = com.ysbc.devberth.tests;
				SDKROOT = macosx;
				TEST_HOST = "$(BUILT_PRODUCTS_DIR)/DevBerth.app/Contents/MacOS/DevBerth";
			};
			name = Release;
		};
/* End XCBuildConfiguration section */

/* Begin XCConfigurationList section */
		87C5CB343E95031C8B4131EF /* Build configuration list for PBXNativeTarget "DevBerth" */ = {
			isa = XCConfigurationList;
			buildConfigurations = (
				A243F3EB6B83688AA550B341 /* Debug */,
				A0B8993FEC6792BE374242B1 /* Release */,
			);
			defaultConfigurationIsVisible = 0;
			defaultConfigurationName = Debug;
		};
		ABC672774BE21B42D93FAE7F /* Build configuration list for PBXNativeTarget "DevBerthIntegrationTests" */ = {
			isa = XCConfigurationList;
			buildConfigurations = (
				61714A27832DC0CBA76B311B /* Debug */,
				391AD73AE8FAD848036AFC7C /* Release */,
			);
			defaultConfigurationIsVisible = 0;
			defaultConfigurationName = Debug;
		};
		C0AD6A6652D2319E3ACD2344 /* Build configuration list for PBXNativeTarget "DevBerthTests" */ = {
			isa = XCConfigurationList;
			buildConfigurations = (
				B6E0E71F20EB5A5E410DDCCE /* Debug */,
				D99400AF10241F7C81BC3144 /* Release */,
			);
			defaultConfigurationIsVisible = 0;
			defaultConfigurationName = Debug;
		};
		D2C64A6C496D2B38A0FCED4A /* Build configuration list for PBXProject "DevBerth" */ = {
			isa = XCConfigurationList;
			buildConfigurations = (
				40770F7A36D574715681B035 /* Debug */,
				3399E0FD39CE2FCA5CEC2D79 /* Release */,
			);
			defaultConfigurationIsVisible = 0;
			defaultConfigurationName = Debug;
		};
/* End XCConfigurationList section */
	};
	rootObject = 9A130C13C933A691EE61D7D1 /* Project object */;
}
